
Microsoft Visual Studio Solution File, Format Version 12.00
# Visual Studio 2013
VisualStudioVersion = 12.0.21005.1
MinimumVisualStudioVersion = 10.0.40219.1
Project("{8BC9CEB8-8B4A-11D0-8D11-00A0C91BC942}") = "四路同步测试", "四路同步测试.vcxproj", "{452B6033-B3AE-496E-B6ED-5616BD7F7AF3}"
EndProject
Global
	GlobalSection(SolutionConfigurationPlatforms) = preSolution
		Debug|Win32 = Debug|Win32
		Release|Win32 = Release|Win32
	EndGlobalSection
	GlobalSection(ProjectConfigurationPlatforms) = postSolution
		{452B6033-B3AE-496E-B6ED-5616BD7F7AF3}.Debug|Win32.ActiveCfg = Debug|Win32
		{452B6033-B3AE-496E-B6ED-5616BD7F7AF3}.Debug|Win32.Build.0 = Debug|Win32
		{452B6033-B3AE-496E-B6ED-5616BD7F7AF3}.Release|Win32.ActiveCfg = Release|Win32
		{452B6033-B3AE-496E-B6ED-5616BD7F7AF3}.Release|Win32.Build.0 = Release|Win32
	EndGlobalSection
	GlobalSection(SolutionProperties) = preSolution
		HideSolutionNode = FALSE
	EndGlobalSection
EndGlobal
