<?xml version="1.0" encoding="utf-8"?>
<Project ToolsVersion="4.0" xmlns="http://schemas.microsoft.com/developer/msbuild/2003">
  <ItemGroup>
    <Filter Include="Source Files">
      <UniqueIdentifier>{4FC737F1-C7A5-4376-A066-2A32D752A2FF}</UniqueIdentifier>
      <Extensions>cpp;c;cc;cxx;def;odl;idl;hpj;bat;asm;asmx</Extensions>
    </Filter>
    <Filter Include="Header Files">
      <UniqueIdentifier>{93995380-89BD-4b04-88EB-625FBE52EBFB}</UniqueIdentifier>
      <Extensions>h;hh;hpp;hxx;hm;inl;inc;xsd</Extensions>
    </Filter>
    <Filter Include="Resource Files">
      <UniqueIdentifier>{67DA6AB6-F800-4c08-8B7A-83BB121AAD01}</UniqueIdentifier>
      <Extensions>rc;ico;cur;bmp;dlg;rc2;rct;bin;rgs;gif;jpg;jpeg;jpe;resx;tiff;tif;png;wav</Extensions>
    </Filter>
  </ItemGroup>
  <ItemGroup>
    <ClCompile Include="..\..\source\app\app.c">
      <Filter>Source Files</Filter>
    </ClCompile>
    <ClCompile Include="..\..\source\app\cs99xx\cs99xx_flash_manage.c">
      <Filter>Source Files</Filter>
    </ClCompile>
    <ClCompile Include="..\..\source\app\cs99xx\cs99xx_mem_api.c">
      <Filter>Source Files</Filter>
    </ClCompile>
    <ClCompile Include="..\..\source\app\cs99xx\cs99xx_struct.c">
      <Filter>Source Files</Filter>
    </ClCompile>
    <ClCompile Include="..\..\source\app\cs99xx\cs99xx_usb_manager.c">
      <Filter>Source Files</Filter>
    </ClCompile>
    <ClCompile Include="..\..\source\app\cs99xx\scan_keyboard.c">
      <Filter>Source Files</Filter>
    </ClCompile>
    <ClCompile Include="..\..\source\app\fonts\hz\hz_20.c">
      <Filter>Source Files</Filter>
    </ClCompile>
    <ClCompile Include="..\..\source\app\fonts\hz\hz_24.c">
      <Filter>Source Files</Filter>
    </ClCompile>
    <ClCompile Include="..\..\source\app\fonts\hz\hz_26.c">
      <Filter>Source Files</Filter>
    </ClCompile>
    <ClCompile Include="..\..\source\app\fonts\hz\hz_29.c">
      <Filter>Source Files</Filter>
    </ClCompile>
    <ClCompile Include="..\..\source\app\fonts\新建文件夹\asc12.c">
      <Filter>Source Files</Filter>
    </ClCompile>
    <ClCompile Include="..\..\source\app\fonts\新建文件夹\asc16.c">
      <Filter>Source Files</Filter>
    </ClCompile>
    <ClCompile Include="..\..\source\app\fonts\新建文件夹\hz12.c">
      <Filter>Source Files</Filter>
    </ClCompile>
    <ClCompile Include="..\..\source\app\fonts\新建文件夹\hz16.c">
      <Filter>Source Files</Filter>
    </ClCompile>
    <ClCompile Include="..\..\source\app\fonts\新建文件夹\hz24.c">
      <Filter>Source Files</Filter>
    </ClCompile>
    <ClCompile Include="..\..\source\app\fonts\新建文件夹\hz32.c">
      <Filter>Source Files</Filter>
    </ClCompile>
    <ClCompile Include="..\..\source\app\fonts\新建文件夹\Logo_AmericanExpress.c">
      <Filter>Source Files</Filter>
    </ClCompile>
    <ClCompile Include="..\..\source\app\fonts\新建文件夹\Logo_armfly.c">
      <Filter>Source Files</Filter>
    </ClCompile>
    <ClCompile Include="..\..\source\app\fonts\新建文件夹\Logo_armflySmall.c">
      <Filter>Source Files</Filter>
    </ClCompile>
    <ClCompile Include="..\..\source\app\fonts\新建文件夹\Logo_ECCard.c">
      <Filter>Source Files</Filter>
    </ClCompile>
    <ClCompile Include="..\..\source\app\fonts\新建文件夹\Logo_GeldKarte.c">
      <Filter>Source Files</Filter>
    </ClCompile>
    <ClCompile Include="..\..\source\app\fonts\新建文件夹\Logo_Maestro.c">
      <Filter>Source Files</Filter>
    </ClCompile>
    <ClCompile Include="..\..\source\app\fonts\新建文件夹\Logo_MasterCard.c">
      <Filter>Source Files</Filter>
    </ClCompile>
    <ClCompile Include="..\..\source\app\fonts\新建文件夹\Logo_VisaCard.c">
      <Filter>Source Files</Filter>
    </ClCompile>
    <ClCompile Include="..\..\source\app\fonts\新建文件夹\ra8875_asc_width.c">
      <Filter>Source Files</Filter>
    </ClCompile>
    <ClCompile Include="..\..\source\app\fonts\新建文件夹\Yahei.c">
      <Filter>Source Files</Filter>
    </ClCompile>
    <ClCompile Include="..\..\source\document\hz_20.c">
      <Filter>Source Files</Filter>
    </ClCompile>
    <ClCompile Include="..\..\source\document\hz_24.c">
      <Filter>Source Files</Filter>
    </ClCompile>
    <ClCompile Include="..\..\source\document\hz_26.c">
      <Filter>Source Files</Filter>
    </ClCompile>
    <ClCompile Include="..\..\source\document\hz_29.c">
      <Filter>Source Files</Filter>
    </ClCompile>
    <ClCompile Include="..\..\source\emwin\emwin\config\GUIConf.c">
      <Filter>Source Files</Filter>
    </ClCompile>
    <ClCompile Include="..\..\source\emwin\emwin\config\LCDConf.c">
      <Filter>Source Files</Filter>
    </ClCompile>
    <ClCompile Include="..\..\source\emwin\emwin\config\SIMConf.c">
      <Filter>Source Files</Filter>
    </ClCompile>
    <ClCompile Include="..\..\source\emwin\emwin\displaydriver\GUIDRV_Template.c">
      <Filter>Source Files</Filter>
    </ClCompile>
    <ClCompile Include="..\..\source\emwin\emwin\displaydriver\LCDConf_FlexColor_Template.c">
      <Filter>Source Files</Filter>
    </ClCompile>
    <ClCompile Include="..\..\source\emwin\emwin\displaydriver\LCDConf_Lin_Template.c">
      <Filter>Source Files</Filter>
    </ClCompile>
    <ClCompile Include="..\..\source\emwin\emwin\displaydriver\SIMConf.c">
      <Filter>Source Files</Filter>
    </ClCompile>
    <ClCompile Include="..\..\source\emwin\emwin\emwindemo\GUIConf.c">
      <Filter>Source Files</Filter>
    </ClCompile>
    <ClCompile Include="..\..\source\emwin\emwin\emwindemo\GUIDEMO.c">
      <Filter>Source Files</Filter>
    </ClCompile>
    <ClCompile Include="..\..\source\emwin\emwin\emwindemo\GUIDEMO_AntialiasedText.c">
      <Filter>Source Files</Filter>
    </ClCompile>
    <ClCompile Include="..\..\source\emwin\emwin\emwindemo\GUIDEMO_Automotive.c">
      <Filter>Source Files</Filter>
    </ClCompile>
    <ClCompile Include="..\..\source\emwin\emwin\emwindemo\GUIDEMO_BarGraph.c">
      <Filter>Source Files</Filter>
    </ClCompile>
    <ClCompile Include="..\..\source\emwin\emwin\emwindemo\GUIDEMO_Bitmap.c">
      <Filter>Source Files</Filter>
    </ClCompile>
    <ClCompile Include="..\..\source\emwin\emwin\emwindemo\GUIDEMO_ColorBar.c">
      <Filter>Source Files</Filter>
    </ClCompile>
    <ClCompile Include="..\..\source\emwin\emwin\emwindemo\GUIDEMO_Conf.c">
      <Filter>Source Files</Filter>
    </ClCompile>
    <ClCompile Include="..\..\source\emwin\emwin\emwindemo\GUIDEMO_Cursor.c">
      <Filter>Source Files</Filter>
    </ClCompile>
    <ClCompile Include="..\..\source\emwin\emwin\emwindemo\GUIDEMO_Fading.c">
      <Filter>Source Files</Filter>
    </ClCompile>
    <ClCompile Include="..\..\source\emwin\emwin\emwindemo\GUIDEMO_Graph.c">
      <Filter>Source Files</Filter>
    </ClCompile>
    <ClCompile Include="..\..\source\emwin\emwin\emwindemo\GUIDEMO_IconView.c">
      <Filter>Source Files</Filter>
    </ClCompile>
    <ClCompile Include="..\..\source\emwin\emwin\emwindemo\GUIDEMO_ImageFlow.c">
      <Filter>Source Files</Filter>
    </ClCompile>
    <ClCompile Include="..\..\source\emwin\emwin\emwindemo\GUIDEMO_Intro.c">
      <Filter>Source Files</Filter>
    </ClCompile>
    <ClCompile Include="..\..\source\emwin\emwin\emwindemo\GUIDEMO_Listview.c">
      <Filter>Source Files</Filter>
    </ClCompile>
    <ClCompile Include="..\..\source\emwin\emwin\emwindemo\GUIDEMO_RadialMenu.c">
      <Filter>Source Files</Filter>
    </ClCompile>
    <ClCompile Include="..\..\source\emwin\emwin\emwindemo\GUIDEMO_Resource.c">
      <Filter>Source Files</Filter>
    </ClCompile>
    <ClCompile Include="..\..\source\emwin\emwin\emwindemo\GUIDEMO_Skinning.c">
      <Filter>Source Files</Filter>
    </ClCompile>
    <ClCompile Include="..\..\source\emwin\emwin\emwindemo\GUIDEMO_Speed.c">
      <Filter>Source Files</Filter>
    </ClCompile>
    <ClCompile Include="..\..\source\emwin\emwin\emwindemo\GUIDEMO_Speedometer.c">
      <Filter>Source Files</Filter>
    </ClCompile>
    <ClCompile Include="..\..\source\emwin\emwin\emwindemo\GUIDEMO_Start.c">
      <Filter>Source Files</Filter>
    </ClCompile>
    <ClCompile Include="..\..\source\emwin\emwin\emwindemo\GUIDEMO_TransparentDialog.c">
      <Filter>Source Files</Filter>
    </ClCompile>
    <ClCompile Include="..\..\source\emwin\emwin\emwindemo\GUIDEMO_Treeview.c">
      <Filter>Source Files</Filter>
    </ClCompile>
    <ClCompile Include="..\..\source\emwin\emwin\emwindemo\GUIDEMO_VScreen.c">
      <Filter>Source Files</Filter>
    </ClCompile>
    <ClCompile Include="..\..\source\emwin\emwin\emwindemo\GUIDEMO_WashingMachine.c">
      <Filter>Source Files</Filter>
    </ClCompile>
    <ClCompile Include="..\..\source\emwin\emwin\emwindemo\GUIDEMO_ZoomAndRotate.c">
      <Filter>Source Files</Filter>
    </ClCompile>
    <ClCompile Include="..\..\source\emwin\emwin\emwintask\App_SysFunction.c">
      <Filter>Source Files</Filter>
    </ClCompile>
    <ClCompile Include="..\..\source\emwin\emwin\emwintask\DSO_AcquireDlg.c">
      <Filter>Source Files</Filter>
    </ClCompile>
    <ClCompile Include="..\..\source\emwin\emwin\emwintask\DSO_AmplitudeWindow.c">
      <Filter>Source Files</Filter>
    </ClCompile>
    <ClCompile Include="..\..\source\emwin\emwin\emwintask\DSO_DacDlg.c">
      <Filter>Source Files</Filter>
    </ClCompile>
    <ClCompile Include="..\..\source\emwin\emwin\emwintask\DSO_DrawBakFrame.c">
      <Filter>Source Files</Filter>
    </ClCompile>
    <ClCompile Include="..\..\source\emwin\emwin\emwintask\DSO_DrawCursorH.c">
      <Filter>Source Files</Filter>
    </ClCompile>
    <ClCompile Include="..\..\source\emwin\emwin\emwintask\DSO_DrawCursorV.c">
      <Filter>Source Files</Filter>
    </ClCompile>
    <ClCompile Include="..\..\source\emwin\emwin\emwintask\DSO_FirFilter_Step100KHz.c">
      <Filter>Source Files</Filter>
    </ClCompile>
    <ClCompile Include="..\..\source\emwin\emwin\emwintask\DSO_FirFilter_Step10KHz.c">
      <Filter>Source Files</Filter>
    </ClCompile>
    <ClCompile Include="..\..\source\emwin\emwin\emwintask\DSO_FirFilter_Step1KHz.c">
      <Filter>Source Files</Filter>
    </ClCompile>
    <ClCompile Include="..\..\source\emwin\emwin\emwintask\DSO_Init.c">
      <Filter>Source Files</Filter>
    </ClCompile>
    <ClCompile Include="..\..\source\emwin\emwin\emwintask\DSO_InspectorDlg.c">
      <Filter>Source Files</Filter>
    </ClCompile>
    <ClCompile Include="..\..\source\emwin\emwin\emwintask\DSO_MathDlg.c">
      <Filter>Source Files</Filter>
    </ClCompile>
    <ClCompile Include="..\..\source\emwin\emwin\emwintask\DSO_MeasureDlg.c">
      <Filter>Source Files</Filter>
    </ClCompile>
    <ClCompile Include="..\..\source\emwin\emwin\emwintask\DSO_ReturnDlg.c">
      <Filter>Source Files</Filter>
    </ClCompile>
    <ClCompile Include="..\..\source\emwin\emwin\emwintask\DSO_ScaleWindow.c">
      <Filter>Source Files</Filter>
    </ClCompile>
    <ClCompile Include="..\..\source\emwin\emwin\emwintask\DSO_SettingDlg.c">
      <Filter>Source Files</Filter>
    </ClCompile>
    <ClCompile Include="..\..\source\emwin\emwin\emwintask\DSO_StatusWindow.c">
      <Filter>Source Files</Filter>
    </ClCompile>
    <ClCompile Include="..\..\source\emwin\emwin\emwintask\DSO_TriggerDlg.c">
      <Filter>Source Files</Filter>
    </ClCompile>
    <ClCompile Include="..\..\source\emwin\emwin\emwintask\MainTask.c">
      <Filter>Source Files</Filter>
    </ClCompile>
    <ClCompile Include="..\..\source\emwin\emwin\gui_x\GUI_VNC_X.c">
      <Filter>Source Files</Filter>
    </ClCompile>
    <ClCompile Include="..\..\source\emwin\emwin\gui_x\GUI_VNC_X_StartServer.c">
      <Filter>Source Files</Filter>
    </ClCompile>
    <ClCompile Include="..\..\source\emwin\emwin\gui_x\GUI_X.c">
      <Filter>Source Files</Filter>
    </ClCompile>
    <ClCompile Include="..\..\source\emwin\emwin\gui_x\GUI_X_embOS.c">
      <Filter>Source Files</Filter>
    </ClCompile>
    <ClCompile Include="..\..\source\emwin\emwin\gui_x\GUI_X_Ex.c">
      <Filter>Source Files</Filter>
    </ClCompile>
    <ClCompile Include="..\..\source\emwin\emwin\gui_x\GUI_X_RTX.c">
      <Filter>Source Files</Filter>
    </ClCompile>
    <ClCompile Include="..\..\source\emwin\emwin\gui_x\GUI_X_Touch.c">
      <Filter>Source Files</Filter>
    </ClCompile>
    <ClCompile Include="..\..\source\emwin\emwin\gui_x\GUI_X_Touch_Analog.c">
      <Filter>Source Files</Filter>
    </ClCompile>
    <ClCompile Include="..\..\source\emwin\emwin\gui_x\GUI_X_Touch_StoreState.c">
      <Filter>Source Files</Filter>
    </ClCompile>
    <ClCompile Include="..\..\source\emwin\emwin\gui_x\GUI_X_uCOS.c">
      <Filter>Source Files</Filter>
    </ClCompile>
    <ClCompile Include="..\..\source\emwin\emwin\gui_x\GUI_X_uEZ.c">
      <Filter>Source Files</Filter>
    </ClCompile>
    <ClCompile Include="..\..\source\emwin\emwin\stemwinhz\GUICharPEx.c">
      <Filter>Source Files</Filter>
    </ClCompile>
    <ClCompile Include="..\..\source\emwin\emwin\stemwinhz\GUI_FontHZ12.c">
      <Filter>Source Files</Filter>
    </ClCompile>
    <ClCompile Include="..\..\source\emwin\emwin\stemwinhz\GUI_FontHZ16.c">
      <Filter>Source Files</Filter>
    </ClCompile>
    <ClCompile Include="..\..\source\emwin\emwin\stemwinhz\GUI_FontHZ24.c">
      <Filter>Source Files</Filter>
    </ClCompile>
    <ClCompile Include="..\..\source\emwin\emwin\stemwinhz\GUI_UC_EncodeNone.c">
      <Filter>Source Files</Filter>
    </ClCompile>
    <ClCompile Include="..\..\source\emwin\software\1.c">
      <Filter>Source Files</Filter>
    </ClCompile>
    <ClCompile Include="..\..\source\emwin\software\FramewinDLG.c">
      <Filter>Source Files</Filter>
    </ClCompile>
    <ClCompile Include="..\..\source\emwin1\stemwin\config\GUIConf.c">
      <Filter>Source Files</Filter>
    </ClCompile>
    <ClCompile Include="..\..\source\emwin1\stemwin\config\GUIDRV_Template.c">
      <Filter>Source Files</Filter>
    </ClCompile>
    <ClCompile Include="..\..\source\emwin1\stemwin\config\GUI_X_Touch_Analog.c">
      <Filter>Source Files</Filter>
    </ClCompile>
    <ClCompile Include="..\..\source\emwin1\stemwin\config\LCDConf_FlexColor_Template.c">
      <Filter>Source Files</Filter>
    </ClCompile>
    <ClCompile Include="..\..\source\emwin1\stemwin\config\LCDConf_Lin_Template.c">
      <Filter>Source Files</Filter>
    </ClCompile>
    <ClCompile Include="..\..\source\emwin1\stemwin\os\GUI_X.c">
      <Filter>Source Files</Filter>
    </ClCompile>
    <ClCompile Include="..\..\source\emwin1\stemwin\os\GUI_X_UCOSIII.c">
      <Filter>Source Files</Filter>
    </ClCompile>
    <ClCompile Include="..\..\source\fatfs\doc\img\app1.c">
      <Filter>Source Files</Filter>
    </ClCompile>
    <ClCompile Include="..\..\source\fatfs\doc\img\app2.c">
      <Filter>Source Files</Filter>
    </ClCompile>
    <ClCompile Include="..\..\source\fatfs\doc\img\app3.c">
      <Filter>Source Files</Filter>
    </ClCompile>
    <ClCompile Include="..\..\source\fatfs\doc\img\app4.c">
      <Filter>Source Files</Filter>
    </ClCompile>
    <ClCompile Include="..\..\source\fatfs\src\diskio.c">
      <Filter>Source Files</Filter>
    </ClCompile>
    <ClCompile Include="..\..\source\fatfs\src\ff.c">
      <Filter>Source Files</Filter>
    </ClCompile>
    <ClCompile Include="..\..\source\fatfs\src\option\cc932.c">
      <Filter>Source Files</Filter>
    </ClCompile>
    <ClCompile Include="..\..\source\fatfs\src\option\cc936.c">
      <Filter>Source Files</Filter>
    </ClCompile>
    <ClCompile Include="..\..\source\fatfs\src\option\cc949.c">
      <Filter>Source Files</Filter>
    </ClCompile>
    <ClCompile Include="..\..\source\fatfs\src\option\cc950.c">
      <Filter>Source Files</Filter>
    </ClCompile>
    <ClCompile Include="..\..\source\fatfs\src\option\ccsbcs.c">
      <Filter>Source Files</Filter>
    </ClCompile>
    <ClCompile Include="..\..\source\fatfs\src\option\syscall.c">
      <Filter>Source Files</Filter>
    </ClCompile>
    <ClCompile Include="..\..\source\fatfs\src\option\unicode.c">
      <Filter>Source Files</Filter>
    </ClCompile>
    <ClCompile Include="..\..\source\fatfs1\doc\img\app1.c">
      <Filter>Source Files</Filter>
    </ClCompile>
    <ClCompile Include="..\..\source\fatfs1\doc\img\app2.c">
      <Filter>Source Files</Filter>
    </ClCompile>
    <ClCompile Include="..\..\source\fatfs1\doc\img\app3.c">
      <Filter>Source Files</Filter>
    </ClCompile>
    <ClCompile Include="..\..\source\fatfs1\doc\img\app4.c">
      <Filter>Source Files</Filter>
    </ClCompile>
    <ClCompile Include="..\..\source\fatfs1\exfuns\exfuns.c">
      <Filter>Source Files</Filter>
    </ClCompile>
    <ClCompile Include="..\..\source\fatfs1\exfuns\fattester.c">
      <Filter>Source Files</Filter>
    </ClCompile>
    <ClCompile Include="..\..\source\fatfs1\exfuns\mycc936.c">
      <Filter>Source Files</Filter>
    </ClCompile>
    <ClCompile Include="..\..\source\fatfs1\src\diskio.c">
      <Filter>Source Files</Filter>
    </ClCompile>
    <ClCompile Include="..\..\source\fatfs1\src\ff.c">
      <Filter>Source Files</Filter>
    </ClCompile>
    <ClCompile Include="..\..\source\fatfs1\src\option\cc932.c">
      <Filter>Source Files</Filter>
    </ClCompile>
    <ClCompile Include="..\..\source\fatfs1\src\option\cc936.c">
      <Filter>Source Files</Filter>
    </ClCompile>
    <ClCompile Include="..\..\source\fatfs1\src\option\cc949.c">
      <Filter>Source Files</Filter>
    </ClCompile>
    <ClCompile Include="..\..\source\fatfs1\src\option\cc950.c">
      <Filter>Source Files</Filter>
    </ClCompile>
    <ClCompile Include="..\..\source\fatfs1\src\option\ccsbcs.c">
      <Filter>Source Files</Filter>
    </ClCompile>
    <ClCompile Include="..\..\source\fatfs1\src\option\syscall.c">
      <Filter>Source Files</Filter>
    </ClCompile>
    <ClCompile Include="..\..\source\fatfs1\src\option\unicode.c">
      <Filter>Source Files</Filter>
    </ClCompile>
    <ClCompile Include="..\..\source\fwlib\stm32f4xx_stdperiph_driver\src\misc.c">
      <Filter>Source Files</Filter>
    </ClCompile>
    <ClCompile Include="..\..\source\fwlib\stm32f4xx_stdperiph_driver\src\stm32f4xx_adc.c">
      <Filter>Source Files</Filter>
    </ClCompile>
    <ClCompile Include="..\..\source\fwlib\stm32f4xx_stdperiph_driver\src\stm32f4xx_can.c">
      <Filter>Source Files</Filter>
    </ClCompile>
    <ClCompile Include="..\..\source\fwlib\stm32f4xx_stdperiph_driver\src\stm32f4xx_cec.c">
      <Filter>Source Files</Filter>
    </ClCompile>
    <ClCompile Include="..\..\source\fwlib\stm32f4xx_stdperiph_driver\src\stm32f4xx_crc.c">
      <Filter>Source Files</Filter>
    </ClCompile>
    <ClCompile Include="..\..\source\fwlib\stm32f4xx_stdperiph_driver\src\stm32f4xx_cryp.c">
      <Filter>Source Files</Filter>
    </ClCompile>
    <ClCompile Include="..\..\source\fwlib\stm32f4xx_stdperiph_driver\src\stm32f4xx_cryp_aes.c">
      <Filter>Source Files</Filter>
    </ClCompile>
    <ClCompile Include="..\..\source\fwlib\stm32f4xx_stdperiph_driver\src\stm32f4xx_cryp_des.c">
      <Filter>Source Files</Filter>
    </ClCompile>
    <ClCompile Include="..\..\source\fwlib\stm32f4xx_stdperiph_driver\src\stm32f4xx_cryp_tdes.c">
      <Filter>Source Files</Filter>
    </ClCompile>
    <ClCompile Include="..\..\source\fwlib\stm32f4xx_stdperiph_driver\src\stm32f4xx_dac.c">
      <Filter>Source Files</Filter>
    </ClCompile>
    <ClCompile Include="..\..\source\fwlib\stm32f4xx_stdperiph_driver\src\stm32f4xx_dbgmcu.c">
      <Filter>Source Files</Filter>
    </ClCompile>
    <ClCompile Include="..\..\source\fwlib\stm32f4xx_stdperiph_driver\src\stm32f4xx_dcmi.c">
      <Filter>Source Files</Filter>
    </ClCompile>
    <ClCompile Include="..\..\source\fwlib\stm32f4xx_stdperiph_driver\src\stm32f4xx_dma.c">
      <Filter>Source Files</Filter>
    </ClCompile>
    <ClCompile Include="..\..\source\fwlib\stm32f4xx_stdperiph_driver\src\stm32f4xx_dma2d.c">
      <Filter>Source Files</Filter>
    </ClCompile>
    <ClCompile Include="..\..\source\fwlib\stm32f4xx_stdperiph_driver\src\stm32f4xx_exti.c">
      <Filter>Source Files</Filter>
    </ClCompile>
    <ClCompile Include="..\..\source\fwlib\stm32f4xx_stdperiph_driver\src\stm32f4xx_flash.c">
      <Filter>Source Files</Filter>
    </ClCompile>
    <ClCompile Include="..\..\source\fwlib\stm32f4xx_stdperiph_driver\src\stm32f4xx_flash_ramfunc.c">
      <Filter>Source Files</Filter>
    </ClCompile>
    <ClCompile Include="..\..\source\fwlib\stm32f4xx_stdperiph_driver\src\stm32f4xx_fmc.c">
      <Filter>Source Files</Filter>
    </ClCompile>
    <ClCompile Include="..\..\source\fwlib\stm32f4xx_stdperiph_driver\src\stm32f4xx_fmpi2c.c">
      <Filter>Source Files</Filter>
    </ClCompile>
    <ClCompile Include="..\..\source\fwlib\stm32f4xx_stdperiph_driver\src\stm32f4xx_fsmc.c">
      <Filter>Source Files</Filter>
    </ClCompile>
    <ClCompile Include="..\..\source\fwlib\stm32f4xx_stdperiph_driver\src\stm32f4xx_gpio.c">
      <Filter>Source Files</Filter>
    </ClCompile>
    <ClCompile Include="..\..\source\fwlib\stm32f4xx_stdperiph_driver\src\stm32f4xx_hash.c">
      <Filter>Source Files</Filter>
    </ClCompile>
    <ClCompile Include="..\..\source\fwlib\stm32f4xx_stdperiph_driver\src\stm32f4xx_hash_md5.c">
      <Filter>Source Files</Filter>
    </ClCompile>
    <ClCompile Include="..\..\source\fwlib\stm32f4xx_stdperiph_driver\src\stm32f4xx_hash_sha1.c">
      <Filter>Source Files</Filter>
    </ClCompile>
    <ClCompile Include="..\..\source\fwlib\stm32f4xx_stdperiph_driver\src\stm32f4xx_i2c.c">
      <Filter>Source Files</Filter>
    </ClCompile>
    <ClCompile Include="..\..\source\fwlib\stm32f4xx_stdperiph_driver\src\stm32f4xx_iwdg.c">
      <Filter>Source Files</Filter>
    </ClCompile>
    <ClCompile Include="..\..\source\fwlib\stm32f4xx_stdperiph_driver\src\stm32f4xx_ltdc.c">
      <Filter>Source Files</Filter>
    </ClCompile>
    <ClCompile Include="..\..\source\fwlib\stm32f4xx_stdperiph_driver\src\stm32f4xx_pwr.c">
      <Filter>Source Files</Filter>
    </ClCompile>
    <ClCompile Include="..\..\source\fwlib\stm32f4xx_stdperiph_driver\src\stm32f4xx_qspi.c">
      <Filter>Source Files</Filter>
    </ClCompile>
    <ClCompile Include="..\..\source\fwlib\stm32f4xx_stdperiph_driver\src\stm32f4xx_rcc.c">
      <Filter>Source Files</Filter>
    </ClCompile>
    <ClCompile Include="..\..\source\fwlib\stm32f4xx_stdperiph_driver\src\stm32f4xx_rng.c">
      <Filter>Source Files</Filter>
    </ClCompile>
    <ClCompile Include="..\..\source\fwlib\stm32f4xx_stdperiph_driver\src\stm32f4xx_rtc.c">
      <Filter>Source Files</Filter>
    </ClCompile>
    <ClCompile Include="..\..\source\fwlib\stm32f4xx_stdperiph_driver\src\stm32f4xx_sai.c">
      <Filter>Source Files</Filter>
    </ClCompile>
    <ClCompile Include="..\..\source\fwlib\stm32f4xx_stdperiph_driver\src\stm32f4xx_sdio.c">
      <Filter>Source Files</Filter>
    </ClCompile>
    <ClCompile Include="..\..\source\fwlib\stm32f4xx_stdperiph_driver\src\stm32f4xx_spdifrx.c">
      <Filter>Source Files</Filter>
    </ClCompile>
    <ClCompile Include="..\..\source\fwlib\stm32f4xx_stdperiph_driver\src\stm32f4xx_spi.c">
      <Filter>Source Files</Filter>
    </ClCompile>
    <ClCompile Include="..\..\source\fwlib\stm32f4xx_stdperiph_driver\src\stm32f4xx_syscfg.c">
      <Filter>Source Files</Filter>
    </ClCompile>
    <ClCompile Include="..\..\source\fwlib\stm32f4xx_stdperiph_driver\src\stm32f4xx_tim.c">
      <Filter>Source Files</Filter>
    </ClCompile>
    <ClCompile Include="..\..\source\fwlib\stm32f4xx_stdperiph_driver\src\stm32f4xx_usart.c">
      <Filter>Source Files</Filter>
    </ClCompile>
    <ClCompile Include="..\..\source\fwlib\stm32f4xx_stdperiph_driver\src\stm32f4xx_wwdg.c">
      <Filter>Source Files</Filter>
    </ClCompile>
    <ClCompile Include="..\..\source\fwlib\stm32f4xx_stdperiph_driver\新建文件夹\src\misc.c">
      <Filter>Source Files</Filter>
    </ClCompile>
    <ClCompile Include="..\..\source\fwlib\stm32f4xx_stdperiph_driver\新建文件夹\src\stm32f4xx_adc.c">
      <Filter>Source Files</Filter>
    </ClCompile>
    <ClCompile Include="..\..\source\fwlib\stm32f4xx_stdperiph_driver\新建文件夹\src\stm32f4xx_can.c">
      <Filter>Source Files</Filter>
    </ClCompile>
    <ClCompile Include="..\..\source\fwlib\stm32f4xx_stdperiph_driver\新建文件夹\src\stm32f4xx_crc.c">
      <Filter>Source Files</Filter>
    </ClCompile>
    <ClCompile Include="..\..\source\fwlib\stm32f4xx_stdperiph_driver\新建文件夹\src\stm32f4xx_cryp.c">
      <Filter>Source Files</Filter>
    </ClCompile>
    <ClCompile Include="..\..\source\fwlib\stm32f4xx_stdperiph_driver\新建文件夹\src\stm32f4xx_cryp_aes.c">
      <Filter>Source Files</Filter>
    </ClCompile>
    <ClCompile Include="..\..\source\fwlib\stm32f4xx_stdperiph_driver\新建文件夹\src\stm32f4xx_cryp_des.c">
      <Filter>Source Files</Filter>
    </ClCompile>
    <ClCompile Include="..\..\source\fwlib\stm32f4xx_stdperiph_driver\新建文件夹\src\stm32f4xx_cryp_tdes.c">
      <Filter>Source Files</Filter>
    </ClCompile>
    <ClCompile Include="..\..\source\fwlib\stm32f4xx_stdperiph_driver\新建文件夹\src\stm32f4xx_dac.c">
      <Filter>Source Files</Filter>
    </ClCompile>
    <ClCompile Include="..\..\source\fwlib\stm32f4xx_stdperiph_driver\新建文件夹\src\stm32f4xx_dbgmcu.c">
      <Filter>Source Files</Filter>
    </ClCompile>
    <ClCompile Include="..\..\source\fwlib\stm32f4xx_stdperiph_driver\新建文件夹\src\stm32f4xx_dcmi.c">
      <Filter>Source Files</Filter>
    </ClCompile>
    <ClCompile Include="..\..\source\fwlib\stm32f4xx_stdperiph_driver\新建文件夹\src\stm32f4xx_dma.c">
      <Filter>Source Files</Filter>
    </ClCompile>
    <ClCompile Include="..\..\source\fwlib\stm32f4xx_stdperiph_driver\新建文件夹\src\stm32f4xx_dma2d.c">
      <Filter>Source Files</Filter>
    </ClCompile>
    <ClCompile Include="..\..\source\fwlib\stm32f4xx_stdperiph_driver\新建文件夹\src\stm32f4xx_exti.c">
      <Filter>Source Files</Filter>
    </ClCompile>
    <ClCompile Include="..\..\source\fwlib\stm32f4xx_stdperiph_driver\新建文件夹\src\stm32f4xx_flash.c">
      <Filter>Source Files</Filter>
    </ClCompile>
    <ClCompile Include="..\..\source\fwlib\stm32f4xx_stdperiph_driver\新建文件夹\src\stm32f4xx_flash_ramfunc.c">
      <Filter>Source Files</Filter>
    </ClCompile>
    <ClCompile Include="..\..\source\fwlib\stm32f4xx_stdperiph_driver\新建文件夹\src\stm32f4xx_fmc.c">
      <Filter>Source Files</Filter>
    </ClCompile>
    <ClCompile Include="..\..\source\fwlib\stm32f4xx_stdperiph_driver\新建文件夹\src\stm32f4xx_fsmc.c">
      <Filter>Source Files</Filter>
    </ClCompile>
    <ClCompile Include="..\..\source\fwlib\stm32f4xx_stdperiph_driver\新建文件夹\src\stm32f4xx_gpio.c">
      <Filter>Source Files</Filter>
    </ClCompile>
    <ClCompile Include="..\..\source\fwlib\stm32f4xx_stdperiph_driver\新建文件夹\src\stm32f4xx_hash.c">
      <Filter>Source Files</Filter>
    </ClCompile>
    <ClCompile Include="..\..\source\fwlib\stm32f4xx_stdperiph_driver\新建文件夹\src\stm32f4xx_hash_md5.c">
      <Filter>Source Files</Filter>
    </ClCompile>
    <ClCompile Include="..\..\source\fwlib\stm32f4xx_stdperiph_driver\新建文件夹\src\stm32f4xx_hash_sha1.c">
      <Filter>Source Files</Filter>
    </ClCompile>
    <ClCompile Include="..\..\source\fwlib\stm32f4xx_stdperiph_driver\新建文件夹\src\stm32f4xx_i2c.c">
      <Filter>Source Files</Filter>
    </ClCompile>
    <ClCompile Include="..\..\source\fwlib\stm32f4xx_stdperiph_driver\新建文件夹\src\stm32f4xx_iwdg.c">
      <Filter>Source Files</Filter>
    </ClCompile>
    <ClCompile Include="..\..\source\fwlib\stm32f4xx_stdperiph_driver\新建文件夹\src\stm32f4xx_ltdc.c">
      <Filter>Source Files</Filter>
    </ClCompile>
    <ClCompile Include="..\..\source\fwlib\stm32f4xx_stdperiph_driver\新建文件夹\src\stm32f4xx_pwr.c">
      <Filter>Source Files</Filter>
    </ClCompile>
    <ClCompile Include="..\..\source\fwlib\stm32f4xx_stdperiph_driver\新建文件夹\src\stm32f4xx_rcc.c">
      <Filter>Source Files</Filter>
    </ClCompile>
    <ClCompile Include="..\..\source\fwlib\stm32f4xx_stdperiph_driver\新建文件夹\src\stm32f4xx_rng.c">
      <Filter>Source Files</Filter>
    </ClCompile>
    <ClCompile Include="..\..\source\fwlib\stm32f4xx_stdperiph_driver\新建文件夹\src\stm32f4xx_rtc.c">
      <Filter>Source Files</Filter>
    </ClCompile>
    <ClCompile Include="..\..\source\fwlib\stm32f4xx_stdperiph_driver\新建文件夹\src\stm32f4xx_sai.c">
      <Filter>Source Files</Filter>
    </ClCompile>
    <ClCompile Include="..\..\source\fwlib\stm32f4xx_stdperiph_driver\新建文件夹\src\stm32f4xx_sdio.c">
      <Filter>Source Files</Filter>
    </ClCompile>
    <ClCompile Include="..\..\source\fwlib\stm32f4xx_stdperiph_driver\新建文件夹\src\stm32f4xx_spi.c">
      <Filter>Source Files</Filter>
    </ClCompile>
    <ClCompile Include="..\..\source\fwlib\stm32f4xx_stdperiph_driver\新建文件夹\src\stm32f4xx_syscfg.c">
      <Filter>Source Files</Filter>
    </ClCompile>
    <ClCompile Include="..\..\source\fwlib\stm32f4xx_stdperiph_driver\新建文件夹\src\stm32f4xx_tim.c">
      <Filter>Source Files</Filter>
    </ClCompile>
    <ClCompile Include="..\..\source\fwlib\stm32f4xx_stdperiph_driver\新建文件夹\src\stm32f4xx_usart.c">
      <Filter>Source Files</Filter>
    </ClCompile>
    <ClCompile Include="..\..\source\fwlib\stm32f4xx_stdperiph_driver\新建文件夹\src\stm32f4xx_wwdg.c">
      <Filter>Source Files</Filter>
    </ClCompile>
    <ClCompile Include="..\..\source\hardware\board_support_package.c">
      <Filter>Source Files</Filter>
    </ClCompile>
    <ClCompile Include="..\..\source\hardware\24cxx\24cxx.c">
      <Filter>Source Files</Filter>
    </ClCompile>
    <ClCompile Include="..\..\source\hardware\ch376\src\CH376_USB_UI.C">
      <Filter>Source Files</Filter>
    </ClCompile>
    <ClCompile Include="..\..\source\hardware\ch376\src\FILE_SYS.C">
      <Filter>Source Files</Filter>
    </ClCompile>
    <ClCompile Include="..\..\source\hardware\ch376\src\HAL_BASE.C">
      <Filter>Source Files</Filter>
    </ClCompile>
    <ClCompile Include="..\..\source\hardware\ch376\src\SPI_HW.C">
      <Filter>Source Files</Filter>
    </ClCompile>
    <ClCompile Include="..\..\source\hardware\ch376\src\SPI_SW.C">
      <Filter>Source Files</Filter>
    </ClCompile>
    <ClCompile Include="..\..\source\hardware\coded_disc\coded_disc.c">
      <Filter>Source Files</Filter>
    </ClCompile>
    <ClCompile Include="..\..\source\hardware\iic\myiic.c">
      <Filter>Source Files</Filter>
    </ClCompile>
    <ClCompile Include="..\..\source\hardware\key\key.c">
      <Filter>Source Files</Filter>
    </ClCompile>
    <ClCompile Include="..\..\source\hardware\keyboard\keyboard.c">
      <Filter>Source Files</Filter>
    </ClCompile>
    <ClCompile Include="..\..\source\hardware\keyboard\Key_LED.c">
      <Filter>Source Files</Filter>
    </ClCompile>
    <ClCompile Include="..\..\source\hardware\lcd\新建文件夹\ILI93xx.c">
      <Filter>Source Files</Filter>
    </ClCompile>
    <ClCompile Include="..\..\source\hardware\led\bsp_led.c">
      <Filter>Source Files</Filter>
    </ClCompile>
    <ClCompile Include="..\..\source\hardware\led\led.c">
      <Filter>Source Files</Filter>
    </ClCompile>
    <ClCompile Include="..\..\source\hardware\ra8875\bsp\bsp_tft_lcd.c">
      <Filter>Source Files</Filter>
    </ClCompile>
    <ClCompile Include="..\..\source\hardware\ra8875\bsp\新建文件夹\bsp_spi_bus.c">
      <Filter>Source Files</Filter>
    </ClCompile>
    <ClCompile Include="..\..\source\hardware\ra8875\bsp\新建文件夹\bsp_spi_flash.c">
      <Filter>Source Files</Filter>
    </ClCompile>
    <ClCompile Include="..\..\source\hardware\ra8875\bsp\新建文件夹\bsp_tft_lcd.c">
      <Filter>Source Files</Filter>
    </ClCompile>
    <ClCompile Include="..\..\source\hardware\ra8875\bsp\新建文件夹\bsp_touch.c">
      <Filter>Source Files</Filter>
    </ClCompile>
    <ClCompile Include="..\..\source\hardware\ra8875\bsp\新建文件夹\ra8875_bsp.c">
      <Filter>Source Files</Filter>
    </ClCompile>
    <ClCompile Include="..\..\source\hardware\ra8875\ra8875\bsp_ra8875_port.c">
      <Filter>Source Files</Filter>
    </ClCompile>
    <ClCompile Include="..\..\source\hardware\ra8875\ra8875\LCD_RA8875.c">
      <Filter>Source Files</Filter>
    </ClCompile>
    <ClCompile Include="..\..\source\hardware\ra8875\ra8875\新建文件夹\bsp_ra8875_flash.c">
      <Filter>Source Files</Filter>
    </ClCompile>
    <ClCompile Include="..\..\source\hardware\rtc\rtc_config.c">
      <Filter>Source Files</Filter>
    </ClCompile>
    <ClCompile Include="..\..\source\hardware\sdio\bsp_sdio_sd.c">
      <Filter>Source Files</Filter>
    </ClCompile>
    <ClCompile Include="..\..\source\hardware\spi\spi.c">
      <Filter>Source Files</Filter>
    </ClCompile>
    <ClCompile Include="..\..\source\hardware\spi_flash\spi_flash.c">
      <Filter>Source Files</Filter>
    </ClCompile>
    <ClCompile Include="..\..\source\hardware\sram\sram.c">
      <Filter>Source Files</Filter>
    </ClCompile>
    <ClCompile Include="..\..\source\hardware\timer\timer.c">
      <Filter>Source Files</Filter>
    </ClCompile>
    <ClCompile Include="..\..\source\hardware\touch\ctiic.c">
      <Filter>Source Files</Filter>
    </ClCompile>
    <ClCompile Include="..\..\source\hardware\touch\ft5206.c">
      <Filter>Source Files</Filter>
    </ClCompile>
    <ClCompile Include="..\..\source\hardware\touch\gt9147.c">
      <Filter>Source Files</Filter>
    </ClCompile>
    <ClCompile Include="..\..\source\hardware\touch\ott2001a.c">
      <Filter>Source Files</Filter>
    </ClCompile>
    <ClCompile Include="..\..\source\hardware\touch\touch.c">
      <Filter>Source Files</Filter>
    </ClCompile>
    <ClCompile Include="..\..\source\malloc\malloc.c">
      <Filter>Source Files</Filter>
    </ClCompile>
    <ClCompile Include="..\..\source\system\delay\delay.c">
      <Filter>Source Files</Filter>
    </ClCompile>
    <ClCompile Include="..\..\source\system\sys\sys.c">
      <Filter>Source Files</Filter>
    </ClCompile>
    <ClCompile Include="..\..\source\system\usart\usart.c">
      <Filter>Source Files</Filter>
    </ClCompile>
    <ClCompile Include="..\..\source\text\fontupd.c">
      <Filter>Source Files</Filter>
    </ClCompile>
    <ClCompile Include="..\..\source\text\mytext.c">
      <Filter>Source Files</Filter>
    </ClCompile>
    <ClCompile Include="..\..\source\tools\cs_list.c">
      <Filter>Source Files</Filter>
    </ClCompile>
    <ClCompile Include="..\..\source\ucosiii\uc-cpu\cpu_core.c">
      <Filter>Source Files</Filter>
    </ClCompile>
    <ClCompile Include="..\..\source\ucosiii\uc-cpu\arm-cortex-m4\gnu\cpu_c.c">
      <Filter>Source Files</Filter>
    </ClCompile>
    <ClCompile Include="..\..\source\ucosiii\uc-cpu\arm-cortex-m4\iar\cpu_c.c">
      <Filter>Source Files</Filter>
    </ClCompile>
    <ClCompile Include="..\..\source\ucosiii\uc-cpu\arm-cortex-m4\realview\cpu_c.c">
      <Filter>Source Files</Filter>
    </ClCompile>
    <ClCompile Include="..\..\source\ucosiii\uc-lib\lib_ascii.c">
      <Filter>Source Files</Filter>
    </ClCompile>
    <ClCompile Include="..\..\source\ucosiii\uc-lib\lib_math.c">
      <Filter>Source Files</Filter>
    </ClCompile>
    <ClCompile Include="..\..\source\ucosiii\uc-lib\lib_mem.c">
      <Filter>Source Files</Filter>
    </ClCompile>
    <ClCompile Include="..\..\source\ucosiii\uc-lib\lib_str.c">
      <Filter>Source Files</Filter>
    </ClCompile>
    <ClCompile Include="..\..\source\ucosiii\ucos-iii\ports\arm-cortex-m4\generic\gnu\os_cpu_c.c">
      <Filter>Source Files</Filter>
    </ClCompile>
    <ClCompile Include="..\..\source\ucosiii\ucos-iii\ports\arm-cortex-m4\generic\iar\os_cpu_c.c">
      <Filter>Source Files</Filter>
    </ClCompile>
    <ClCompile Include="..\..\source\ucosiii\ucos-iii\ports\arm-cortex-m4\generic\realview\os_cpu_c.c">
      <Filter>Source Files</Filter>
    </ClCompile>
    <ClCompile Include="..\..\source\ucosiii\ucos-iii\source\os_cfg_app.c">
      <Filter>Source Files</Filter>
    </ClCompile>
    <ClCompile Include="..\..\source\ucosiii\ucos-iii\source\os_core.c">
      <Filter>Source Files</Filter>
    </ClCompile>
    <ClCompile Include="..\..\source\ucosiii\ucos-iii\source\os_dbg.c">
      <Filter>Source Files</Filter>
    </ClCompile>
    <ClCompile Include="..\..\source\ucosiii\ucos-iii\source\os_flag.c">
      <Filter>Source Files</Filter>
    </ClCompile>
    <ClCompile Include="..\..\source\ucosiii\ucos-iii\source\os_int.c">
      <Filter>Source Files</Filter>
    </ClCompile>
    <ClCompile Include="..\..\source\ucosiii\ucos-iii\source\os_mem.c">
      <Filter>Source Files</Filter>
    </ClCompile>
    <ClCompile Include="..\..\source\ucosiii\ucos-iii\source\os_msg.c">
      <Filter>Source Files</Filter>
    </ClCompile>
    <ClCompile Include="..\..\source\ucosiii\ucos-iii\source\os_mutex.c">
      <Filter>Source Files</Filter>
    </ClCompile>
    <ClCompile Include="..\..\source\ucosiii\ucos-iii\source\os_pend_multi.c">
      <Filter>Source Files</Filter>
    </ClCompile>
    <ClCompile Include="..\..\source\ucosiii\ucos-iii\source\os_prio.c">
      <Filter>Source Files</Filter>
    </ClCompile>
    <ClCompile Include="..\..\source\ucosiii\ucos-iii\source\os_q.c">
      <Filter>Source Files</Filter>
    </ClCompile>
    <ClCompile Include="..\..\source\ucosiii\ucos-iii\source\os_sem.c">
      <Filter>Source Files</Filter>
    </ClCompile>
    <ClCompile Include="..\..\source\ucosiii\ucos-iii\source\os_stat.c">
      <Filter>Source Files</Filter>
    </ClCompile>
    <ClCompile Include="..\..\source\ucosiii\ucos-iii\source\os_task.c">
      <Filter>Source Files</Filter>
    </ClCompile>
    <ClCompile Include="..\..\source\ucosiii\ucos-iii\source\os_tick.c">
      <Filter>Source Files</Filter>
    </ClCompile>
    <ClCompile Include="..\..\source\ucosiii\ucos-iii\source\os_time.c">
      <Filter>Source Files</Filter>
    </ClCompile>
    <ClCompile Include="..\..\source\ucosiii\ucos-iii\source\os_tmr.c">
      <Filter>Source Files</Filter>
    </ClCompile>
    <ClCompile Include="..\..\source\ucosiii\ucos-iii\source\os_var.c">
      <Filter>Source Files</Filter>
    </ClCompile>
    <ClCompile Include="..\..\source\ucosiii\ucos_bsp\bsp.c">
      <Filter>Source Files</Filter>
    </ClCompile>
    <ClCompile Include="..\..\source\ucosiii\ucos_config\os_app_hooks.c">
      <Filter>Source Files</Filter>
    </ClCompile>
    <ClCompile Include="..\..\source\user\main.c">
      <Filter>Source Files</Filter>
    </ClCompile>
    <ClCompile Include="..\..\source\user\stm32f4xx_it.c">
      <Filter>Source Files</Filter>
    </ClCompile>
    <ClCompile Include="..\..\source\user\system_stm32f4xx.c">
      <Filter>Source Files</Filter>
    </ClCompile>
    <ClCompile Include="..\..\source\user_ui\image\logo.c">
      <Filter>Source Files</Filter>
    </ClCompile>
    <ClCompile Include="..\..\source\user_ui\image\user_image.c">
      <Filter>Source Files</Filter>
    </ClCompile>
    <ClCompile Include="..\..\source\user_ui\ui\env_par_win\7_env_par_edit_win.c">
      <Filter>Source Files</Filter>
    </ClCompile>
    <ClCompile Include="..\..\source\user_ui\ui\env_par_win\env_par_edit_win.c">
      <Filter>Source Files</Filter>
    </ClCompile>
    <ClCompile Include="..\..\source\user_ui\ui\file_win\7_file_ui.c">
      <Filter>Source Files</Filter>
    </ClCompile>
    <ClCompile Include="..\..\source\user_ui\ui\file_win\7_file_ui_save.c">
      <Filter>Source Files</Filter>
    </ClCompile>
    <ClCompile Include="..\..\source\user_ui\ui\file_win\file_edit_win.c">
      <Filter>Source Files</Filter>
    </ClCompile>
    <ClCompile Include="..\..\source\user_ui\ui\file_win\file_win.c">
      <Filter>Source Files</Filter>
    </ClCompile>
    <ClCompile Include="..\..\source\user_ui\ui\key_menu_win\7_key_menu_win.c">
      <Filter>Source Files</Filter>
    </ClCompile>
    <ClCompile Include="..\..\source\user_ui\ui\key_menu_win\key_menu_win.c">
      <Filter>Source Files</Filter>
    </ClCompile>
    <ClCompile Include="..\..\source\user_ui\ui\main_win\7_main_win.c">
      <Filter>Source Files</Filter>
    </ClCompile>
    <ClCompile Include="..\..\source\user_ui\ui\main_win\main_win.c">
      <Filter>Source Files</Filter>
    </ClCompile>
    <ClCompile Include="..\..\source\user_ui\ui\sys_time_win\7_sys_time_edit_win.c">
      <Filter>Source Files</Filter>
    </ClCompile>
    <ClCompile Include="..\..\source\user_ui\ui\sys_time_win\sys_time_edit_win.c">
      <Filter>Source Files</Filter>
    </ClCompile>
    <ClCompile Include="..\..\source\user_ui\ui\sys_win\7_sys_manage_win.c">
      <Filter>Source Files</Filter>
    </ClCompile>
    <ClCompile Include="..\..\source\user_ui\ui\sys_win\sys_manage_win.c">
      <Filter>Source Files</Filter>
    </ClCompile>
    <ClCompile Include="..\..\source\user_ui\ui\test_win\7_test_ui_layout_1.c">
      <Filter>Source Files</Filter>
    </ClCompile>
    <ClCompile Include="..\..\source\user_ui\ui\test_win\test_win.c">
      <Filter>Source Files</Filter>
    </ClCompile>
    <ClCompile Include="..\..\source\user_ui\ui\warning_win\7_warning_win.c">
      <Filter>Source Files</Filter>
    </ClCompile>
    <ClCompile Include="..\..\source\user_ui\ui\warning_win\warning_win.c">
      <Filter>Source Files</Filter>
    </ClCompile>
    <ClCompile Include="..\..\source\user_ui\ui_com\com_edit_api.c">
      <Filter>Source Files</Filter>
    </ClCompile>
    <ClCompile Include="..\..\source\user_ui\ui_com\com_ui_base.c">
      <Filter>Source Files</Filter>
    </ClCompile>
    <ClCompile Include="..\..\source\user_ui\ui_com\com_ui_info.c">
      <Filter>Source Files</Filter>
    </ClCompile>
    <ClCompile Include="..\..\source\user_ui\ui_com\tools.c">
      <Filter>Source Files</Filter>
    </ClCompile>
    <ClCompile Include="..\..\source\user_ui\新建文件夹\dialog.c">
      <Filter>Source Files</Filter>
    </ClCompile>
    <ClCompile Include="..\..\source\user_ui\新建文件夹\dialog_info.c">
      <Filter>Source Files</Filter>
    </ClCompile>
    <ClCompile Include="..\..\source\user_ui\新建文件夹\FILE_UI.C">
      <Filter>Source Files</Filter>
    </ClCompile>
    <ClCompile Include="..\..\source\user_ui\新建文件夹\FILE_UI_NEW.C">
      <Filter>Source Files</Filter>
    </ClCompile>
    <ClCompile Include="..\..\source\user_ui\新建文件夹\MAIN_UI.C">
      <Filter>Source Files</Filter>
    </ClCompile>
    <ClCompile Include="..\..\source\user_ui\新建文件夹\MENU_KEY_UI.C">
      <Filter>Source Files</Filter>
    </ClCompile>
    <ClCompile Include="..\..\source\user_ui\新建文件夹\ui_com_info.c">
      <Filter>Source Files</Filter>
    </ClCompile>
    <ClCompile Include="..\..\source\user_ui\新建文件夹\4_3-inch-ui\4_3_main_ui.c">
      <Filter>Source Files</Filter>
    </ClCompile>
    <ClCompile Include="..\..\source\user_ui\新建文件夹\5_6-inch-ui\5_6_main_ui.c">
      <Filter>Source Files</Filter>
    </ClCompile>
    <ClCompile Include="..\..\source\usmart\usmart.c">
      <Filter>Source Files</Filter>
    </ClCompile>
    <ClCompile Include="..\..\source\usmart\usmart_config.c">
      <Filter>Source Files</Filter>
    </ClCompile>
    <ClCompile Include="..\..\source\usmart\usmart_str.c">
      <Filter>Source Files</Filter>
    </ClCompile>
  </ItemGroup>
  <ItemGroup>
    <ClInclude Include="..\..\source\app\app.h">
      <Filter>Header Files</Filter>
    </ClInclude>
    <ClInclude Include="..\..\source\app\app_cfg.h">
      <Filter>Header Files</Filter>
    </ClInclude>
    <ClInclude Include="..\..\source\app\cs99xx\cs99xx_flash_manage.h">
      <Filter>Header Files</Filter>
    </ClInclude>
    <ClInclude Include="..\..\source\app\cs99xx\cs99xx_mem_api.h">
      <Filter>Header Files</Filter>
    </ClInclude>
    <ClInclude Include="..\..\source\app\cs99xx\cs99xx_struct.h">
      <Filter>Header Files</Filter>
    </ClInclude>
    <ClInclude Include="..\..\source\app\cs99xx\cs99xx_usb_manager.h">
      <Filter>Header Files</Filter>
    </ClInclude>
    <ClInclude Include="..\..\source\app\cs99xx\scan_keyboard.h">
      <Filter>Header Files</Filter>
    </ClInclude>
    <ClInclude Include="..\..\source\app\fonts\fonts.h">
      <Filter>Header Files</Filter>
    </ClInclude>
    <ClInclude Include="..\..\source\app\fonts\新建文件夹\fonts.h">
      <Filter>Header Files</Filter>
    </ClInclude>
    <ClInclude Include="..\..\source\core\core_cm4.h">
      <Filter>Header Files</Filter>
    </ClInclude>
    <ClInclude Include="..\..\source\core\core_cm4_simd.h">
      <Filter>Header Files</Filter>
    </ClInclude>
    <ClInclude Include="..\..\source\emwin\emwin\config\GUIConf.h">
      <Filter>Header Files</Filter>
    </ClInclude>
    <ClInclude Include="..\..\source\emwin\emwin\config\LCDConf.h">
      <Filter>Header Files</Filter>
    </ClInclude>
    <ClInclude Include="..\..\source\emwin\emwin\displaydriver\GUIDRV_Template.h">
      <Filter>Header Files</Filter>
    </ClInclude>
    <ClInclude Include="..\..\source\emwin\emwin\displaydriver\LCDConf_FlexColor_Template.h">
      <Filter>Header Files</Filter>
    </ClInclude>
    <ClInclude Include="..\..\source\emwin\emwin\displaydriver\LCDConf_Lin_Template.h">
      <Filter>Header Files</Filter>
    </ClInclude>
    <ClInclude Include="..\..\source\emwin\emwin\emwindemo\GUIDEMO.h">
      <Filter>Header Files</Filter>
    </ClInclude>
    <ClInclude Include="..\..\source\emwin\emwin\emwintask\MainTask.h">
      <Filter>Header Files</Filter>
    </ClInclude>
    <ClInclude Include="..\..\source\emwin\emwin\include\BUTTON.h">
      <Filter>Header Files</Filter>
    </ClInclude>
    <ClInclude Include="..\..\source\emwin\emwin\include\BUTTON_Private.h">
      <Filter>Header Files</Filter>
    </ClInclude>
    <ClInclude Include="..\..\source\emwin\emwin\include\CALENDAR.h">
      <Filter>Header Files</Filter>
    </ClInclude>
    <ClInclude Include="..\..\source\emwin\emwin\include\CHECKBOX.h">
      <Filter>Header Files</Filter>
    </ClInclude>
    <ClInclude Include="..\..\source\emwin\emwin\include\CHECKBOX_Private.h">
      <Filter>Header Files</Filter>
    </ClInclude>
    <ClInclude Include="..\..\source\emwin\emwin\include\CHOOSECOLOR.h">
      <Filter>Header Files</Filter>
    </ClInclude>
    <ClInclude Include="..\..\source\emwin\emwin\include\CHOOSEFILE.h">
      <Filter>Header Files</Filter>
    </ClInclude>
    <ClInclude Include="..\..\source\emwin\emwin\include\DIALOG.h">
      <Filter>Header Files</Filter>
    </ClInclude>
    <ClInclude Include="..\..\source\emwin\emwin\include\DIALOG_Intern.h">
      <Filter>Header Files</Filter>
    </ClInclude>
    <ClInclude Include="..\..\source\emwin\emwin\include\DROPDOWN.h">
      <Filter>Header Files</Filter>
    </ClInclude>
    <ClInclude Include="..\..\source\emwin\emwin\include\DROPDOWN_Private.h">
      <Filter>Header Files</Filter>
    </ClInclude>
    <ClInclude Include="..\..\source\emwin\emwin\include\EDIT.h">
      <Filter>Header Files</Filter>
    </ClInclude>
    <ClInclude Include="..\..\source\emwin\emwin\include\EDIT_Private.h">
      <Filter>Header Files</Filter>
    </ClInclude>
    <ClInclude Include="..\..\source\emwin\emwin\include\FRAMEWIN.h">
      <Filter>Header Files</Filter>
    </ClInclude>
    <ClInclude Include="..\..\source\emwin\emwin\include\FRAMEWIN_Private.h">
      <Filter>Header Files</Filter>
    </ClInclude>
    <ClInclude Include="..\..\source\emwin\emwin\include\Global.h">
      <Filter>Header Files</Filter>
    </ClInclude>
    <ClInclude Include="..\..\source\emwin\emwin\include\GRAPH.h">
      <Filter>Header Files</Filter>
    </ClInclude>
    <ClInclude Include="..\..\source\emwin\emwin\include\GRAPH_Private.h">
      <Filter>Header Files</Filter>
    </ClInclude>
    <ClInclude Include="..\..\source\emwin\emwin\include\GUI.h">
      <Filter>Header Files</Filter>
    </ClInclude>
    <ClInclude Include="..\..\source\emwin\emwin\include\GUIDRV_DCache.h">
      <Filter>Header Files</Filter>
    </ClInclude>
    <ClInclude Include="..\..\source\emwin\emwin\include\GUIDRV_DCache_Private.h">
      <Filter>Header Files</Filter>
    </ClInclude>
    <ClInclude Include="..\..\source\emwin\emwin\include\GUIDRV_Dist.h">
      <Filter>Header Files</Filter>
    </ClInclude>
    <ClInclude Include="..\..\source\emwin\emwin\include\GUIDRV_FlexColor.h">
      <Filter>Header Files</Filter>
    </ClInclude>
    <ClInclude Include="..\..\source\emwin\emwin\include\GUIDRV_FlexColor_Private.h">
      <Filter>Header Files</Filter>
    </ClInclude>
    <ClInclude Include="..\..\source\emwin\emwin\include\GUIDRV_Lin.h">
      <Filter>Header Files</Filter>
    </ClInclude>
    <ClInclude Include="..\..\source\emwin\emwin\include\GUIDRV_Lin_Opt_16.h">
      <Filter>Header Files</Filter>
    </ClInclude>
    <ClInclude Include="..\..\source\emwin\emwin\include\GUIDRV_Lin_Opt_24.h">
      <Filter>Header Files</Filter>
    </ClInclude>
    <ClInclude Include="..\..\source\emwin\emwin\include\GUIDRV_Lin_Opt_32.h">
      <Filter>Header Files</Filter>
    </ClInclude>
    <ClInclude Include="..\..\source\emwin\emwin\include\GUIDRV_Lin_Opt_8.h">
      <Filter>Header Files</Filter>
    </ClInclude>
    <ClInclude Include="..\..\source\emwin\emwin\include\GUIDRV_Lin_Private.h">
      <Filter>Header Files</Filter>
    </ClInclude>
    <ClInclude Include="..\..\source\emwin\emwin\include\GUIDRV_NoOpt_1_8.h">
      <Filter>Header Files</Filter>
    </ClInclude>
    <ClInclude Include="..\..\source\emwin\emwin\include\GUIDRV_Template.h">
      <Filter>Header Files</Filter>
    </ClInclude>
    <ClInclude Include="..\..\source\emwin\emwin\include\GUIDRV_TemplateI.h">
      <Filter>Header Files</Filter>
    </ClInclude>
    <ClInclude Include="..\..\source\emwin\emwin\include\GUIDRV_TemplateI_Private.h">
      <Filter>Header Files</Filter>
    </ClInclude>
    <ClInclude Include="..\..\source\emwin\emwin\include\GUIMTDRV_TangoC32.h">
      <Filter>Header Files</Filter>
    </ClInclude>
    <ClInclude Include="..\..\source\emwin\emwin\include\GUITDRV_ADS7846.h">
      <Filter>Header Files</Filter>
    </ClInclude>
    <ClInclude Include="..\..\source\emwin\emwin\include\GUI_ARRAY.h">
      <Filter>Header Files</Filter>
    </ClInclude>
    <ClInclude Include="..\..\source\emwin\emwin\include\GUI_ARRAY_Private.h">
      <Filter>Header Files</Filter>
    </ClInclude>
    <ClInclude Include="..\..\source\emwin\emwin\include\GUI_BMP_Private.h">
      <Filter>Header Files</Filter>
    </ClInclude>
    <ClInclude Include="..\..\source\emwin\emwin\include\GUI_ConfDefaults.h">
      <Filter>Header Files</Filter>
    </ClInclude>
    <ClInclude Include="..\..\source\emwin\emwin\include\GUI_Debug.h">
      <Filter>Header Files</Filter>
    </ClInclude>
    <ClInclude Include="..\..\source\emwin\emwin\include\GUI_FontIntern.h">
      <Filter>Header Files</Filter>
    </ClInclude>
    <ClInclude Include="..\..\source\emwin\emwin\include\GUI_GIF_Private.h">
      <Filter>Header Files</Filter>
    </ClInclude>
    <ClInclude Include="..\..\source\emwin\emwin\include\GUI_HOOK.h">
      <Filter>Header Files</Filter>
    </ClInclude>
    <ClInclude Include="..\..\source\emwin\emwin\include\GUI_JPEG_Private.h">
      <Filter>Header Files</Filter>
    </ClInclude>
    <ClInclude Include="..\..\source\emwin\emwin\include\GUI_Private.h">
      <Filter>Header Files</Filter>
    </ClInclude>
    <ClInclude Include="..\..\source\emwin\emwin\include\GUI_SetOrientation.h">
      <Filter>Header Files</Filter>
    </ClInclude>
    <ClInclude Include="..\..\source\emwin\emwin\include\GUI_SetOrientationCX.h">
      <Filter>Header Files</Filter>
    </ClInclude>
    <ClInclude Include="..\..\source\emwin\emwin\include\GUI_SIM_Win32.h">
      <Filter>Header Files</Filter>
    </ClInclude>
    <ClInclude Include="..\..\source\emwin\emwin\include\GUI_SPRITE_Private.h">
      <Filter>Header Files</Filter>
    </ClInclude>
    <ClInclude Include="..\..\source\emwin\emwin\include\GUI_Type.h">
      <Filter>Header Files</Filter>
    </ClInclude>
    <ClInclude Include="..\..\source\emwin\emwin\include\GUI_Version.h">
      <Filter>Header Files</Filter>
    </ClInclude>
    <ClInclude Include="..\..\source\emwin\emwin\include\GUI_VNC.h">
      <Filter>Header Files</Filter>
    </ClInclude>
    <ClInclude Include="..\..\source\emwin\emwin\include\HEADER.h">
      <Filter>Header Files</Filter>
    </ClInclude>
    <ClInclude Include="..\..\source\emwin\emwin\include\HEADER_Private.h">
      <Filter>Header Files</Filter>
    </ClInclude>
    <ClInclude Include="..\..\source\emwin\emwin\include\ICONVIEW.h">
      <Filter>Header Files</Filter>
    </ClInclude>
    <ClInclude Include="..\..\source\emwin\emwin\include\ICONVIEW_Private.h">
      <Filter>Header Files</Filter>
    </ClInclude>
    <ClInclude Include="..\..\source\emwin\emwin\include\IMAGE.h">
      <Filter>Header Files</Filter>
    </ClInclude>
    <ClInclude Include="..\..\source\emwin\emwin\include\IMAGE_Private.h">
      <Filter>Header Files</Filter>
    </ClInclude>
    <ClInclude Include="..\..\source\emwin\emwin\include\KNOB.h">
      <Filter>Header Files</Filter>
    </ClInclude>
    <ClInclude Include="..\..\source\emwin\emwin\include\KNOB_Private.h">
      <Filter>Header Files</Filter>
    </ClInclude>
    <ClInclude Include="..\..\source\emwin\emwin\include\LCD.h">
      <Filter>Header Files</Filter>
    </ClInclude>
    <ClInclude Include="..\..\source\emwin\emwin\include\LCD_ConfDefaults.h">
      <Filter>Header Files</Filter>
    </ClInclude>
    <ClInclude Include="..\..\source\emwin\emwin\include\LCD_Private.h">
      <Filter>Header Files</Filter>
    </ClInclude>
    <ClInclude Include="..\..\source\emwin\emwin\include\LCD_Protected.h">
      <Filter>Header Files</Filter>
    </ClInclude>
    <ClInclude Include="..\..\source\emwin\emwin\include\LCD_SIM.h">
      <Filter>Header Files</Filter>
    </ClInclude>
    <ClInclude Include="..\..\source\emwin\emwin\include\LISTBOX.h">
      <Filter>Header Files</Filter>
    </ClInclude>
    <ClInclude Include="..\..\source\emwin\emwin\include\LISTBOX_Private.h">
      <Filter>Header Files</Filter>
    </ClInclude>
    <ClInclude Include="..\..\source\emwin\emwin\include\LISTVIEW.h">
      <Filter>Header Files</Filter>
    </ClInclude>
    <ClInclude Include="..\..\source\emwin\emwin\include\LISTVIEW_Private.h">
      <Filter>Header Files</Filter>
    </ClInclude>
    <ClInclude Include="..\..\source\emwin\emwin\include\LISTWHEEL.h">
      <Filter>Header Files</Filter>
    </ClInclude>
    <ClInclude Include="..\..\source\emwin\emwin\include\LISTWHEEL_Private.h">
      <Filter>Header Files</Filter>
    </ClInclude>
    <ClInclude Include="..\..\source\emwin\emwin\include\MENU.h">
      <Filter>Header Files</Filter>
    </ClInclude>
    <ClInclude Include="..\..\source\emwin\emwin\include\MENU_Private.h">
      <Filter>Header Files</Filter>
    </ClInclude>
    <ClInclude Include="..\..\source\emwin\emwin\include\MESSAGEBOX.h">
      <Filter>Header Files</Filter>
    </ClInclude>
    <ClInclude Include="..\..\source\emwin\emwin\include\MULTIEDIT.h">
      <Filter>Header Files</Filter>
    </ClInclude>
    <ClInclude Include="..\..\source\emwin\emwin\include\MULTIPAGE.h">
      <Filter>Header Files</Filter>
    </ClInclude>
    <ClInclude Include="..\..\source\emwin\emwin\include\MULTIPAGE_Private.h">
      <Filter>Header Files</Filter>
    </ClInclude>
    <ClInclude Include="..\..\source\emwin\emwin\include\PROGBAR.h">
      <Filter>Header Files</Filter>
    </ClInclude>
    <ClInclude Include="..\..\source\emwin\emwin\include\PROGBAR_Private.h">
      <Filter>Header Files</Filter>
    </ClInclude>
    <ClInclude Include="..\..\source\emwin\emwin\include\RADIO.h">
      <Filter>Header Files</Filter>
    </ClInclude>
    <ClInclude Include="..\..\source\emwin\emwin\include\RADIO_Private.h">
      <Filter>Header Files</Filter>
    </ClInclude>
    <ClInclude Include="..\..\source\emwin\emwin\include\SCROLLBAR.h">
      <Filter>Header Files</Filter>
    </ClInclude>
    <ClInclude Include="..\..\source\emwin\emwin\include\SCROLLBAR_Private.h">
      <Filter>Header Files</Filter>
    </ClInclude>
    <ClInclude Include="..\..\source\emwin\emwin\include\SLIDER.h">
      <Filter>Header Files</Filter>
    </ClInclude>
    <ClInclude Include="..\..\source\emwin\emwin\include\SLIDER_Private.h">
      <Filter>Header Files</Filter>
    </ClInclude>
    <ClInclude Include="..\..\source\emwin\emwin\include\SPINBOX.h">
      <Filter>Header Files</Filter>
    </ClInclude>
    <ClInclude Include="..\..\source\emwin\emwin\include\SPINBOX_Private.h">
      <Filter>Header Files</Filter>
    </ClInclude>
    <ClInclude Include="..\..\source\emwin\emwin\include\TEXT.h">
      <Filter>Header Files</Filter>
    </ClInclude>
    <ClInclude Include="..\..\source\emwin\emwin\include\TEXT_Private.h">
      <Filter>Header Files</Filter>
    </ClInclude>
    <ClInclude Include="..\..\source\emwin\emwin\include\TREEVIEW.h">
      <Filter>Header Files</Filter>
    </ClInclude>
    <ClInclude Include="..\..\source\emwin\emwin\include\TREEVIEW_Private.h">
      <Filter>Header Files</Filter>
    </ClInclude>
    <ClInclude Include="..\..\source\emwin\emwin\include\WIDGET.h">
      <Filter>Header Files</Filter>
    </ClInclude>
    <ClInclude Include="..\..\source\emwin\emwin\include\WINDOW_Private.h">
      <Filter>Header Files</Filter>
    </ClInclude>
    <ClInclude Include="..\..\source\emwin\emwin\include\WM.h">
      <Filter>Header Files</Filter>
    </ClInclude>
    <ClInclude Include="..\..\source\emwin\emwin\include\WM_GUI.h">
      <Filter>Header Files</Filter>
    </ClInclude>
    <ClInclude Include="..\..\source\emwin\emwin\include\WM_Intern.h">
      <Filter>Header Files</Filter>
    </ClInclude>
    <ClInclude Include="..\..\source\emwin\emwin\stemwinhz\EmWinHZFont.h">
      <Filter>Header Files</Filter>
    </ClInclude>
    <ClInclude Include="..\..\source\emwin\emwin\stemwinhz\EmWin_ASCII_Font.h">
      <Filter>Header Files</Filter>
    </ClInclude>
    <ClInclude Include="..\..\source\emwin1\stemwin\config\GUIConf.h">
      <Filter>Header Files</Filter>
    </ClInclude>
    <ClInclude Include="..\..\source\emwin1\stemwin\config\GUIDRV_Template.h">
      <Filter>Header Files</Filter>
    </ClInclude>
    <ClInclude Include="..\..\source\emwin1\stemwin\config\LCDConf.h">
      <Filter>Header Files</Filter>
    </ClInclude>
    <ClInclude Include="..\..\source\emwin1\stemwin\config\LCDConf_FlexColor_Template.h">
      <Filter>Header Files</Filter>
    </ClInclude>
    <ClInclude Include="..\..\source\emwin1\stemwin\config\LCDConf_Lin_Template.h">
      <Filter>Header Files</Filter>
    </ClInclude>
    <ClInclude Include="..\..\source\emwin1\stemwin\inc\BUTTON.h">
      <Filter>Header Files</Filter>
    </ClInclude>
    <ClInclude Include="..\..\source\emwin1\stemwin\inc\BUTTON_Private.h">
      <Filter>Header Files</Filter>
    </ClInclude>
    <ClInclude Include="..\..\source\emwin1\stemwin\inc\CALENDAR.h">
      <Filter>Header Files</Filter>
    </ClInclude>
    <ClInclude Include="..\..\source\emwin1\stemwin\inc\CHECKBOX.h">
      <Filter>Header Files</Filter>
    </ClInclude>
    <ClInclude Include="..\..\source\emwin1\stemwin\inc\CHECKBOX_Private.h">
      <Filter>Header Files</Filter>
    </ClInclude>
    <ClInclude Include="..\..\source\emwin1\stemwin\inc\CHOOSECOLOR.h">
      <Filter>Header Files</Filter>
    </ClInclude>
    <ClInclude Include="..\..\source\emwin1\stemwin\inc\CHOOSEFILE.h">
      <Filter>Header Files</Filter>
    </ClInclude>
    <ClInclude Include="..\..\source\emwin1\stemwin\inc\DIALOG.h">
      <Filter>Header Files</Filter>
    </ClInclude>
    <ClInclude Include="..\..\source\emwin1\stemwin\inc\DIALOG_Intern.h">
      <Filter>Header Files</Filter>
    </ClInclude>
    <ClInclude Include="..\..\source\emwin1\stemwin\inc\DROPDOWN.h">
      <Filter>Header Files</Filter>
    </ClInclude>
    <ClInclude Include="..\..\source\emwin1\stemwin\inc\DROPDOWN_Private.h">
      <Filter>Header Files</Filter>
    </ClInclude>
    <ClInclude Include="..\..\source\emwin1\stemwin\inc\EDIT.h">
      <Filter>Header Files</Filter>
    </ClInclude>
    <ClInclude Include="..\..\source\emwin1\stemwin\inc\EDIT_Private.h">
      <Filter>Header Files</Filter>
    </ClInclude>
    <ClInclude Include="..\..\source\emwin1\stemwin\inc\FRAMEWIN.h">
      <Filter>Header Files</Filter>
    </ClInclude>
    <ClInclude Include="..\..\source\emwin1\stemwin\inc\FRAMEWIN_Private.h">
      <Filter>Header Files</Filter>
    </ClInclude>
    <ClInclude Include="..\..\source\emwin1\stemwin\inc\Global.h">
      <Filter>Header Files</Filter>
    </ClInclude>
    <ClInclude Include="..\..\source\emwin1\stemwin\inc\GRAPH.h">
      <Filter>Header Files</Filter>
    </ClInclude>
    <ClInclude Include="..\..\source\emwin1\stemwin\inc\GRAPH_Private.h">
      <Filter>Header Files</Filter>
    </ClInclude>
    <ClInclude Include="..\..\source\emwin1\stemwin\inc\GUI.h">
      <Filter>Header Files</Filter>
    </ClInclude>
    <ClInclude Include="..\..\source\emwin1\stemwin\inc\GUIDRV_DCache.h">
      <Filter>Header Files</Filter>
    </ClInclude>
    <ClInclude Include="..\..\source\emwin1\stemwin\inc\GUIDRV_DCache_Private.h">
      <Filter>Header Files</Filter>
    </ClInclude>
    <ClInclude Include="..\..\source\emwin1\stemwin\inc\GUIDRV_Dist.h">
      <Filter>Header Files</Filter>
    </ClInclude>
    <ClInclude Include="..\..\source\emwin1\stemwin\inc\GUIDRV_FlexColor.h">
      <Filter>Header Files</Filter>
    </ClInclude>
    <ClInclude Include="..\..\source\emwin1\stemwin\inc\GUIDRV_FlexColor_Private.h">
      <Filter>Header Files</Filter>
    </ClInclude>
    <ClInclude Include="..\..\source\emwin1\stemwin\inc\GUIDRV_Generic.h">
      <Filter>Header Files</Filter>
    </ClInclude>
    <ClInclude Include="..\..\source\emwin1\stemwin\inc\GUIDRV_Lin.h">
      <Filter>Header Files</Filter>
    </ClInclude>
    <ClInclude Include="..\..\source\emwin1\stemwin\inc\GUIDRV_Lin_Opt_16.h">
      <Filter>Header Files</Filter>
    </ClInclude>
    <ClInclude Include="..\..\source\emwin1\stemwin\inc\GUIDRV_Lin_Opt_24.h">
      <Filter>Header Files</Filter>
    </ClInclude>
    <ClInclude Include="..\..\source\emwin1\stemwin\inc\GUIDRV_Lin_Opt_32.h">
      <Filter>Header Files</Filter>
    </ClInclude>
    <ClInclude Include="..\..\source\emwin1\stemwin\inc\GUIDRV_Lin_Opt_8.h">
      <Filter>Header Files</Filter>
    </ClInclude>
    <ClInclude Include="..\..\source\emwin1\stemwin\inc\GUIDRV_Lin_Private.h">
      <Filter>Header Files</Filter>
    </ClInclude>
    <ClInclude Include="..\..\source\emwin1\stemwin\inc\GUIDRV_NoOpt_1_8.h">
      <Filter>Header Files</Filter>
    </ClInclude>
    <ClInclude Include="..\..\source\emwin1\stemwin\inc\GUIDRV_Template.h">
      <Filter>Header Files</Filter>
    </ClInclude>
    <ClInclude Include="..\..\source\emwin1\stemwin\inc\GUIDRV_TemplateI.h">
      <Filter>Header Files</Filter>
    </ClInclude>
    <ClInclude Include="..\..\source\emwin1\stemwin\inc\GUIDRV_TemplateI_Private.h">
      <Filter>Header Files</Filter>
    </ClInclude>
    <ClInclude Include="..\..\source\emwin1\stemwin\inc\GUITDRV_ADS7846.h">
      <Filter>Header Files</Filter>
    </ClInclude>
    <ClInclude Include="..\..\source\emwin1\stemwin\inc\GUI_ARRAY.h">
      <Filter>Header Files</Filter>
    </ClInclude>
    <ClInclude Include="..\..\source\emwin1\stemwin\inc\GUI_ARRAY_Private.h">
      <Filter>Header Files</Filter>
    </ClInclude>
    <ClInclude Include="..\..\source\emwin1\stemwin\inc\GUI_BMP_Private.h">
      <Filter>Header Files</Filter>
    </ClInclude>
    <ClInclude Include="..\..\source\emwin1\stemwin\inc\GUI_ConfDefaults.h">
      <Filter>Header Files</Filter>
    </ClInclude>
    <ClInclude Include="..\..\source\emwin1\stemwin\inc\GUI_Debug.h">
      <Filter>Header Files</Filter>
    </ClInclude>
    <ClInclude Include="..\..\source\emwin1\stemwin\inc\GUI_FontIntern.h">
      <Filter>Header Files</Filter>
    </ClInclude>
    <ClInclude Include="..\..\source\emwin1\stemwin\inc\GUI_GIF_Private.h">
      <Filter>Header Files</Filter>
    </ClInclude>
    <ClInclude Include="..\..\source\emwin1\stemwin\inc\GUI_HOOK.h">
      <Filter>Header Files</Filter>
    </ClInclude>
    <ClInclude Include="..\..\source\emwin1\stemwin\inc\GUI_JPEG_Private.h">
      <Filter>Header Files</Filter>
    </ClInclude>
    <ClInclude Include="..\..\source\emwin1\stemwin\inc\GUI_Private.h">
      <Filter>Header Files</Filter>
    </ClInclude>
    <ClInclude Include="..\..\source\emwin1\stemwin\inc\GUI_SetOrientation.h">
      <Filter>Header Files</Filter>
    </ClInclude>
    <ClInclude Include="..\..\source\emwin1\stemwin\inc\GUI_SetOrientationCX.h">
      <Filter>Header Files</Filter>
    </ClInclude>
    <ClInclude Include="..\..\source\emwin1\stemwin\inc\GUI_SIM_Win32.h">
      <Filter>Header Files</Filter>
    </ClInclude>
    <ClInclude Include="..\..\source\emwin1\stemwin\inc\GUI_SPRITE_Private.h">
      <Filter>Header Files</Filter>
    </ClInclude>
    <ClInclude Include="..\..\source\emwin1\stemwin\inc\GUI_Type.h">
      <Filter>Header Files</Filter>
    </ClInclude>
    <ClInclude Include="..\..\source\emwin1\stemwin\inc\GUI_Version.h">
      <Filter>Header Files</Filter>
    </ClInclude>
    <ClInclude Include="..\..\source\emwin1\stemwin\inc\GUI_VNC.h">
      <Filter>Header Files</Filter>
    </ClInclude>
    <ClInclude Include="..\..\source\emwin1\stemwin\inc\HEADER.h">
      <Filter>Header Files</Filter>
    </ClInclude>
    <ClInclude Include="..\..\source\emwin1\stemwin\inc\HEADER_Private.h">
      <Filter>Header Files</Filter>
    </ClInclude>
    <ClInclude Include="..\..\source\emwin1\stemwin\inc\ICONVIEW.h">
      <Filter>Header Files</Filter>
    </ClInclude>
    <ClInclude Include="..\..\source\emwin1\stemwin\inc\ICONVIEW_Private.h">
      <Filter>Header Files</Filter>
    </ClInclude>
    <ClInclude Include="..\..\source\emwin1\stemwin\inc\IMAGE.h">
      <Filter>Header Files</Filter>
    </ClInclude>
    <ClInclude Include="..\..\source\emwin1\stemwin\inc\IMAGE_Private.h">
      <Filter>Header Files</Filter>
    </ClInclude>
    <ClInclude Include="..\..\source\emwin1\stemwin\inc\KNOB.h">
      <Filter>Header Files</Filter>
    </ClInclude>
    <ClInclude Include="..\..\source\emwin1\stemwin\inc\KNOB_Private.h">
      <Filter>Header Files</Filter>
    </ClInclude>
    <ClInclude Include="..\..\source\emwin1\stemwin\inc\LCD.h">
      <Filter>Header Files</Filter>
    </ClInclude>
    <ClInclude Include="..\..\source\emwin1\stemwin\inc\LCD_ConfDefaults.h">
      <Filter>Header Files</Filter>
    </ClInclude>
    <ClInclude Include="..\..\source\emwin1\stemwin\inc\LCD_Private.h">
      <Filter>Header Files</Filter>
    </ClInclude>
    <ClInclude Include="..\..\source\emwin1\stemwin\inc\LCD_Protected.h">
      <Filter>Header Files</Filter>
    </ClInclude>
    <ClInclude Include="..\..\source\emwin1\stemwin\inc\LCD_SIM.h">
      <Filter>Header Files</Filter>
    </ClInclude>
    <ClInclude Include="..\..\source\emwin1\stemwin\inc\LISTBOX.h">
      <Filter>Header Files</Filter>
    </ClInclude>
    <ClInclude Include="..\..\source\emwin1\stemwin\inc\LISTBOX_Private.h">
      <Filter>Header Files</Filter>
    </ClInclude>
    <ClInclude Include="..\..\source\emwin1\stemwin\inc\LISTVIEW.h">
      <Filter>Header Files</Filter>
    </ClInclude>
    <ClInclude Include="..\..\source\emwin1\stemwin\inc\LISTVIEW_Private.h">
      <Filter>Header Files</Filter>
    </ClInclude>
    <ClInclude Include="..\..\source\emwin1\stemwin\inc\LISTWHEEL.h">
      <Filter>Header Files</Filter>
    </ClInclude>
    <ClInclude Include="..\..\source\emwin1\stemwin\inc\LISTWHEEL_Private.h">
      <Filter>Header Files</Filter>
    </ClInclude>
    <ClInclude Include="..\..\source\emwin1\stemwin\inc\MENU.h">
      <Filter>Header Files</Filter>
    </ClInclude>
    <ClInclude Include="..\..\source\emwin1\stemwin\inc\MENU_Private.h">
      <Filter>Header Files</Filter>
    </ClInclude>
    <ClInclude Include="..\..\source\emwin1\stemwin\inc\MESSAGEBOX.h">
      <Filter>Header Files</Filter>
    </ClInclude>
    <ClInclude Include="..\..\source\emwin1\stemwin\inc\MULTIEDIT.h">
      <Filter>Header Files</Filter>
    </ClInclude>
    <ClInclude Include="..\..\source\emwin1\stemwin\inc\MULTIPAGE.h">
      <Filter>Header Files</Filter>
    </ClInclude>
    <ClInclude Include="..\..\source\emwin1\stemwin\inc\MULTIPAGE_Private.h">
      <Filter>Header Files</Filter>
    </ClInclude>
    <ClInclude Include="..\..\source\emwin1\stemwin\inc\PROGBAR.h">
      <Filter>Header Files</Filter>
    </ClInclude>
    <ClInclude Include="..\..\source\emwin1\stemwin\inc\PROGBAR_Private.h">
      <Filter>Header Files</Filter>
    </ClInclude>
    <ClInclude Include="..\..\source\emwin1\stemwin\inc\RADIO.h">
      <Filter>Header Files</Filter>
    </ClInclude>
    <ClInclude Include="..\..\source\emwin1\stemwin\inc\RADIO_Private.h">
      <Filter>Header Files</Filter>
    </ClInclude>
    <ClInclude Include="..\..\source\emwin1\stemwin\inc\SCROLLBAR.h">
      <Filter>Header Files</Filter>
    </ClInclude>
    <ClInclude Include="..\..\source\emwin1\stemwin\inc\SCROLLBAR_Private.h">
      <Filter>Header Files</Filter>
    </ClInclude>
    <ClInclude Include="..\..\source\emwin1\stemwin\inc\SLIDER.h">
      <Filter>Header Files</Filter>
    </ClInclude>
    <ClInclude Include="..\..\source\emwin1\stemwin\inc\SLIDER_Private.h">
      <Filter>Header Files</Filter>
    </ClInclude>
    <ClInclude Include="..\..\source\emwin1\stemwin\inc\SPINBOX.h">
      <Filter>Header Files</Filter>
    </ClInclude>
    <ClInclude Include="..\..\source\emwin1\stemwin\inc\SPINBOX_Private.h">
      <Filter>Header Files</Filter>
    </ClInclude>
    <ClInclude Include="..\..\source\emwin1\stemwin\inc\TEXT.h">
      <Filter>Header Files</Filter>
    </ClInclude>
    <ClInclude Include="..\..\source\emwin1\stemwin\inc\TEXT_Private.h">
      <Filter>Header Files</Filter>
    </ClInclude>
    <ClInclude Include="..\..\source\emwin1\stemwin\inc\TREEVIEW.h">
      <Filter>Header Files</Filter>
    </ClInclude>
    <ClInclude Include="..\..\source\emwin1\stemwin\inc\TREEVIEW_Private.h">
      <Filter>Header Files</Filter>
    </ClInclude>
    <ClInclude Include="..\..\source\emwin1\stemwin\inc\WIDGET.h">
      <Filter>Header Files</Filter>
    </ClInclude>
    <ClInclude Include="..\..\source\emwin1\stemwin\inc\WINDOW_Private.h">
      <Filter>Header Files</Filter>
    </ClInclude>
    <ClInclude Include="..\..\source\emwin1\stemwin\inc\WM.h">
      <Filter>Header Files</Filter>
    </ClInclude>
    <ClInclude Include="..\..\source\emwin1\stemwin\inc\WM_GUI.h">
      <Filter>Header Files</Filter>
    </ClInclude>
    <ClInclude Include="..\..\source\emwin1\stemwin\inc\WM_Intern.h">
      <Filter>Header Files</Filter>
    </ClInclude>
    <ClInclude Include="..\..\source\fatfs\src\diskio.h">
      <Filter>Header Files</Filter>
    </ClInclude>
    <ClInclude Include="..\..\source\fatfs\src\ff.h">
      <Filter>Header Files</Filter>
    </ClInclude>
    <ClInclude Include="..\..\source\fatfs\src\ffconf.h">
      <Filter>Header Files</Filter>
    </ClInclude>
    <ClInclude Include="..\..\source\fatfs\src\integer.h">
      <Filter>Header Files</Filter>
    </ClInclude>
    <ClInclude Include="..\..\source\fatfs1\exfuns\exfuns.h">
      <Filter>Header Files</Filter>
    </ClInclude>
    <ClInclude Include="..\..\source\fatfs1\exfuns\fattester.h">
      <Filter>Header Files</Filter>
    </ClInclude>
    <ClInclude Include="..\..\source\fatfs1\src\diskio.h">
      <Filter>Header Files</Filter>
    </ClInclude>
    <ClInclude Include="..\..\source\fatfs1\src\ff.h">
      <Filter>Header Files</Filter>
    </ClInclude>
    <ClInclude Include="..\..\source\fatfs1\src\ffconf.h">
      <Filter>Header Files</Filter>
    </ClInclude>
    <ClInclude Include="..\..\source\fatfs1\src\integer.h">
      <Filter>Header Files</Filter>
    </ClInclude>
    <ClInclude Include="..\..\source\fwlib\cmsis\include\arm_common_tables.h">
      <Filter>Header Files</Filter>
    </ClInclude>
    <ClInclude Include="..\..\source\fwlib\cmsis\include\arm_const_structs.h">
      <Filter>Header Files</Filter>
    </ClInclude>
    <ClInclude Include="..\..\source\fwlib\cmsis\include\arm_math.h">
      <Filter>Header Files</Filter>
    </ClInclude>
    <ClInclude Include="..\..\source\fwlib\cmsis\include\core_cm0.h">
      <Filter>Header Files</Filter>
    </ClInclude>
    <ClInclude Include="..\..\source\fwlib\cmsis\include\core_cm0plus.h">
      <Filter>Header Files</Filter>
    </ClInclude>
    <ClInclude Include="..\..\source\fwlib\cmsis\include\core_cm3.h">
      <Filter>Header Files</Filter>
    </ClInclude>
    <ClInclude Include="..\..\source\fwlib\cmsis\include\core_cm4.h">
      <Filter>Header Files</Filter>
    </ClInclude>
    <ClInclude Include="..\..\source\fwlib\cmsis\include\core_cm4_simd.h">
      <Filter>Header Files</Filter>
    </ClInclude>
    <ClInclude Include="..\..\source\fwlib\cmsis\include\core_cmFunc.h">
      <Filter>Header Files</Filter>
    </ClInclude>
    <ClInclude Include="..\..\source\fwlib\cmsis\include\core_cmInstr.h">
      <Filter>Header Files</Filter>
    </ClInclude>
    <ClInclude Include="..\..\source\fwlib\cmsis\include\core_sc000.h">
      <Filter>Header Files</Filter>
    </ClInclude>
    <ClInclude Include="..\..\source\fwlib\cmsis\include\core_sc300.h">
      <Filter>Header Files</Filter>
    </ClInclude>
    <ClInclude Include="..\..\source\fwlib\stm32f4xx_stdperiph_driver\inc\misc.h">
      <Filter>Header Files</Filter>
    </ClInclude>
    <ClInclude Include="..\..\source\fwlib\stm32f4xx_stdperiph_driver\inc\stm32f4xx_adc.h">
      <Filter>Header Files</Filter>
    </ClInclude>
    <ClInclude Include="..\..\source\fwlib\stm32f4xx_stdperiph_driver\inc\stm32f4xx_can.h">
      <Filter>Header Files</Filter>
    </ClInclude>
    <ClInclude Include="..\..\source\fwlib\stm32f4xx_stdperiph_driver\inc\stm32f4xx_cec.h">
      <Filter>Header Files</Filter>
    </ClInclude>
    <ClInclude Include="..\..\source\fwlib\stm32f4xx_stdperiph_driver\inc\stm32f4xx_crc.h">
      <Filter>Header Files</Filter>
    </ClInclude>
    <ClInclude Include="..\..\source\fwlib\stm32f4xx_stdperiph_driver\inc\stm32f4xx_cryp.h">
      <Filter>Header Files</Filter>
    </ClInclude>
    <ClInclude Include="..\..\source\fwlib\stm32f4xx_stdperiph_driver\inc\stm32f4xx_dac.h">
      <Filter>Header Files</Filter>
    </ClInclude>
    <ClInclude Include="..\..\source\fwlib\stm32f4xx_stdperiph_driver\inc\stm32f4xx_dbgmcu.h">
      <Filter>Header Files</Filter>
    </ClInclude>
    <ClInclude Include="..\..\source\fwlib\stm32f4xx_stdperiph_driver\inc\stm32f4xx_dcmi.h">
      <Filter>Header Files</Filter>
    </ClInclude>
    <ClInclude Include="..\..\source\fwlib\stm32f4xx_stdperiph_driver\inc\stm32f4xx_dma.h">
      <Filter>Header Files</Filter>
    </ClInclude>
    <ClInclude Include="..\..\source\fwlib\stm32f4xx_stdperiph_driver\inc\stm32f4xx_dma2d.h">
      <Filter>Header Files</Filter>
    </ClInclude>
    <ClInclude Include="..\..\source\fwlib\stm32f4xx_stdperiph_driver\inc\stm32f4xx_exti.h">
      <Filter>Header Files</Filter>
    </ClInclude>
    <ClInclude Include="..\..\source\fwlib\stm32f4xx_stdperiph_driver\inc\stm32f4xx_flash.h">
      <Filter>Header Files</Filter>
    </ClInclude>
    <ClInclude Include="..\..\source\fwlib\stm32f4xx_stdperiph_driver\inc\stm32f4xx_flash_ramfunc.h">
      <Filter>Header Files</Filter>
    </ClInclude>
    <ClInclude Include="..\..\source\fwlib\stm32f4xx_stdperiph_driver\inc\stm32f4xx_fmc.h">
      <Filter>Header Files</Filter>
    </ClInclude>
    <ClInclude Include="..\..\source\fwlib\stm32f4xx_stdperiph_driver\inc\stm32f4xx_fmpi2c.h">
      <Filter>Header Files</Filter>
    </ClInclude>
    <ClInclude Include="..\..\source\fwlib\stm32f4xx_stdperiph_driver\inc\stm32f4xx_fsmc.h">
      <Filter>Header Files</Filter>
    </ClInclude>
    <ClInclude Include="..\..\source\fwlib\stm32f4xx_stdperiph_driver\inc\stm32f4xx_gpio.h">
      <Filter>Header Files</Filter>
    </ClInclude>
    <ClInclude Include="..\..\source\fwlib\stm32f4xx_stdperiph_driver\inc\stm32f4xx_hash.h">
      <Filter>Header Files</Filter>
    </ClInclude>
    <ClInclude Include="..\..\source\fwlib\stm32f4xx_stdperiph_driver\inc\stm32f4xx_i2c.h">
      <Filter>Header Files</Filter>
    </ClInclude>
    <ClInclude Include="..\..\source\fwlib\stm32f4xx_stdperiph_driver\inc\stm32f4xx_iwdg.h">
      <Filter>Header Files</Filter>
    </ClInclude>
    <ClInclude Include="..\..\source\fwlib\stm32f4xx_stdperiph_driver\inc\stm32f4xx_ltdc.h">
      <Filter>Header Files</Filter>
    </ClInclude>
    <ClInclude Include="..\..\source\fwlib\stm32f4xx_stdperiph_driver\inc\stm32f4xx_pwr.h">
      <Filter>Header Files</Filter>
    </ClInclude>
    <ClInclude Include="..\..\source\fwlib\stm32f4xx_stdperiph_driver\inc\stm32f4xx_qspi.h">
      <Filter>Header Files</Filter>
    </ClInclude>
    <ClInclude Include="..\..\source\fwlib\stm32f4xx_stdperiph_driver\inc\stm32f4xx_rcc.h">
      <Filter>Header Files</Filter>
    </ClInclude>
    <ClInclude Include="..\..\source\fwlib\stm32f4xx_stdperiph_driver\inc\stm32f4xx_rng.h">
      <Filter>Header Files</Filter>
    </ClInclude>
    <ClInclude Include="..\..\source\fwlib\stm32f4xx_stdperiph_driver\inc\stm32f4xx_rtc.h">
      <Filter>Header Files</Filter>
    </ClInclude>
    <ClInclude Include="..\..\source\fwlib\stm32f4xx_stdperiph_driver\inc\stm32f4xx_sai.h">
      <Filter>Header Files</Filter>
    </ClInclude>
    <ClInclude Include="..\..\source\fwlib\stm32f4xx_stdperiph_driver\inc\stm32f4xx_sdio.h">
      <Filter>Header Files</Filter>
    </ClInclude>
    <ClInclude Include="..\..\source\fwlib\stm32f4xx_stdperiph_driver\inc\stm32f4xx_spdifrx.h">
      <Filter>Header Files</Filter>
    </ClInclude>
    <ClInclude Include="..\..\source\fwlib\stm32f4xx_stdperiph_driver\inc\stm32f4xx_spi.h">
      <Filter>Header Files</Filter>
    </ClInclude>
    <ClInclude Include="..\..\source\fwlib\stm32f4xx_stdperiph_driver\inc\stm32f4xx_syscfg.h">
      <Filter>Header Files</Filter>
    </ClInclude>
    <ClInclude Include="..\..\source\fwlib\stm32f4xx_stdperiph_driver\inc\stm32f4xx_tim.h">
      <Filter>Header Files</Filter>
    </ClInclude>
    <ClInclude Include="..\..\source\fwlib\stm32f4xx_stdperiph_driver\inc\stm32f4xx_usart.h">
      <Filter>Header Files</Filter>
    </ClInclude>
    <ClInclude Include="..\..\source\fwlib\stm32f4xx_stdperiph_driver\inc\stm32f4xx_wwdg.h">
      <Filter>Header Files</Filter>
    </ClInclude>
    <ClInclude Include="..\..\source\fwlib\stm32f4xx_stdperiph_driver\新建文件夹\inc\misc.h">
      <Filter>Header Files</Filter>
    </ClInclude>
    <ClInclude Include="..\..\source\fwlib\stm32f4xx_stdperiph_driver\新建文件夹\inc\stm32f4xx_adc.h">
      <Filter>Header Files</Filter>
    </ClInclude>
    <ClInclude Include="..\..\source\fwlib\stm32f4xx_stdperiph_driver\新建文件夹\inc\stm32f4xx_can.h">
      <Filter>Header Files</Filter>
    </ClInclude>
    <ClInclude Include="..\..\source\fwlib\stm32f4xx_stdperiph_driver\新建文件夹\inc\stm32f4xx_crc.h">
      <Filter>Header Files</Filter>
    </ClInclude>
    <ClInclude Include="..\..\source\fwlib\stm32f4xx_stdperiph_driver\新建文件夹\inc\stm32f4xx_cryp.h">
      <Filter>Header Files</Filter>
    </ClInclude>
    <ClInclude Include="..\..\source\fwlib\stm32f4xx_stdperiph_driver\新建文件夹\inc\stm32f4xx_dac.h">
      <Filter>Header Files</Filter>
    </ClInclude>
    <ClInclude Include="..\..\source\fwlib\stm32f4xx_stdperiph_driver\新建文件夹\inc\stm32f4xx_dbgmcu.h">
      <Filter>Header Files</Filter>
    </ClInclude>
    <ClInclude Include="..\..\source\fwlib\stm32f4xx_stdperiph_driver\新建文件夹\inc\stm32f4xx_dcmi.h">
      <Filter>Header Files</Filter>
    </ClInclude>
    <ClInclude Include="..\..\source\fwlib\stm32f4xx_stdperiph_driver\新建文件夹\inc\stm32f4xx_dma.h">
      <Filter>Header Files</Filter>
    </ClInclude>
    <ClInclude Include="..\..\source\fwlib\stm32f4xx_stdperiph_driver\新建文件夹\inc\stm32f4xx_dma2d.h">
      <Filter>Header Files</Filter>
    </ClInclude>
    <ClInclude Include="..\..\source\fwlib\stm32f4xx_stdperiph_driver\新建文件夹\inc\stm32f4xx_exti.h">
      <Filter>Header Files</Filter>
    </ClInclude>
    <ClInclude Include="..\..\source\fwlib\stm32f4xx_stdperiph_driver\新建文件夹\inc\stm32f4xx_flash.h">
      <Filter>Header Files</Filter>
    </ClInclude>
    <ClInclude Include="..\..\source\fwlib\stm32f4xx_stdperiph_driver\新建文件夹\inc\stm32f4xx_flash_ramfunc.h">
      <Filter>Header Files</Filter>
    </ClInclude>
    <ClInclude Include="..\..\source\fwlib\stm32f4xx_stdperiph_driver\新建文件夹\inc\stm32f4xx_fmc.h">
      <Filter>Header Files</Filter>
    </ClInclude>
    <ClInclude Include="..\..\source\fwlib\stm32f4xx_stdperiph_driver\新建文件夹\inc\stm32f4xx_fsmc.h">
      <Filter>Header Files</Filter>
    </ClInclude>
    <ClInclude Include="..\..\source\fwlib\stm32f4xx_stdperiph_driver\新建文件夹\inc\stm32f4xx_gpio.h">
      <Filter>Header Files</Filter>
    </ClInclude>
    <ClInclude Include="..\..\source\fwlib\stm32f4xx_stdperiph_driver\新建文件夹\inc\stm32f4xx_hash.h">
      <Filter>Header Files</Filter>
    </ClInclude>
    <ClInclude Include="..\..\source\fwlib\stm32f4xx_stdperiph_driver\新建文件夹\inc\stm32f4xx_i2c.h">
      <Filter>Header Files</Filter>
    </ClInclude>
    <ClInclude Include="..\..\source\fwlib\stm32f4xx_stdperiph_driver\新建文件夹\inc\stm32f4xx_iwdg.h">
      <Filter>Header Files</Filter>
    </ClInclude>
    <ClInclude Include="..\..\source\fwlib\stm32f4xx_stdperiph_driver\新建文件夹\inc\stm32f4xx_ltdc.h">
      <Filter>Header Files</Filter>
    </ClInclude>
    <ClInclude Include="..\..\source\fwlib\stm32f4xx_stdperiph_driver\新建文件夹\inc\stm32f4xx_pwr.h">
      <Filter>Header Files</Filter>
    </ClInclude>
    <ClInclude Include="..\..\source\fwlib\stm32f4xx_stdperiph_driver\新建文件夹\inc\stm32f4xx_rcc.h">
      <Filter>Header Files</Filter>
    </ClInclude>
    <ClInclude Include="..\..\source\fwlib\stm32f4xx_stdperiph_driver\新建文件夹\inc\stm32f4xx_rng.h">
      <Filter>Header Files</Filter>
    </ClInclude>
    <ClInclude Include="..\..\source\fwlib\stm32f4xx_stdperiph_driver\新建文件夹\inc\stm32f4xx_rtc.h">
      <Filter>Header Files</Filter>
    </ClInclude>
    <ClInclude Include="..\..\source\fwlib\stm32f4xx_stdperiph_driver\新建文件夹\inc\stm32f4xx_sai.h">
      <Filter>Header Files</Filter>
    </ClInclude>
    <ClInclude Include="..\..\source\fwlib\stm32f4xx_stdperiph_driver\新建文件夹\inc\stm32f4xx_sdio.h">
      <Filter>Header Files</Filter>
    </ClInclude>
    <ClInclude Include="..\..\source\fwlib\stm32f4xx_stdperiph_driver\新建文件夹\inc\stm32f4xx_spi.h">
      <Filter>Header Files</Filter>
    </ClInclude>
    <ClInclude Include="..\..\source\fwlib\stm32f4xx_stdperiph_driver\新建文件夹\inc\stm32f4xx_syscfg.h">
      <Filter>Header Files</Filter>
    </ClInclude>
    <ClInclude Include="..\..\source\fwlib\stm32f4xx_stdperiph_driver\新建文件夹\inc\stm32f4xx_tim.h">
      <Filter>Header Files</Filter>
    </ClInclude>
    <ClInclude Include="..\..\source\fwlib\stm32f4xx_stdperiph_driver\新建文件夹\inc\stm32f4xx_usart.h">
      <Filter>Header Files</Filter>
    </ClInclude>
    <ClInclude Include="..\..\source\fwlib\stm32f4xx_stdperiph_driver\新建文件夹\inc\stm32f4xx_wwdg.h">
      <Filter>Header Files</Filter>
    </ClInclude>
    <ClInclude Include="..\..\source\hardware\bit_banding.h">
      <Filter>Header Files</Filter>
    </ClInclude>
    <ClInclude Include="..\..\source\hardware\board_support_package.h">
      <Filter>Header Files</Filter>
    </ClInclude>
    <ClInclude Include="..\..\source\hardware\24cxx\24cxx.h">
      <Filter>Header Files</Filter>
    </ClInclude>
    <ClInclude Include="..\..\source\hardware\ch376\inc\CH376INC.H">
      <Filter>Header Files</Filter>
    </ClInclude>
    <ClInclude Include="..\..\source\hardware\ch376\inc\CH376_USB_UI.H">
      <Filter>Header Files</Filter>
    </ClInclude>
    <ClInclude Include="..\..\source\hardware\ch376\inc\FILE_SYS.H">
      <Filter>Header Files</Filter>
    </ClInclude>
    <ClInclude Include="..\..\source\hardware\ch376\inc\HAL.H">
      <Filter>Header Files</Filter>
    </ClInclude>
    <ClInclude Include="..\..\source\hardware\coded_disc\coded_disc.h">
      <Filter>Header Files</Filter>
    </ClInclude>
    <ClInclude Include="..\..\source\hardware\iic\myiic.h">
      <Filter>Header Files</Filter>
    </ClInclude>
    <ClInclude Include="..\..\source\hardware\key\key.h">
      <Filter>Header Files</Filter>
    </ClInclude>
    <ClInclude Include="..\..\source\hardware\keyboard\keyboard.h">
      <Filter>Header Files</Filter>
    </ClInclude>
    <ClInclude Include="..\..\source\hardware\keyboard\Key_LED.h">
      <Filter>Header Files</Filter>
    </ClInclude>
    <ClInclude Include="..\..\source\hardware\lcd\FONT.h">
      <Filter>Header Files</Filter>
    </ClInclude>
    <ClInclude Include="..\..\source\hardware\lcd\新建文件夹\ILI93xx.h">
      <Filter>Header Files</Filter>
    </ClInclude>
    <ClInclude Include="..\..\source\hardware\led\bsp_led.h">
      <Filter>Header Files</Filter>
    </ClInclude>
    <ClInclude Include="..\..\source\hardware\led\led.h">
      <Filter>Header Files</Filter>
    </ClInclude>
    <ClInclude Include="..\..\source\hardware\ra8875\bsp\bsp_tft_lcd.h">
      <Filter>Header Files</Filter>
    </ClInclude>
    <ClInclude Include="..\..\source\hardware\ra8875\bsp\新建文件夹\bsp_spi_bus.h">
      <Filter>Header Files</Filter>
    </ClInclude>
    <ClInclude Include="..\..\source\hardware\ra8875\bsp\新建文件夹\bsp_spi_flash.h">
      <Filter>Header Files</Filter>
    </ClInclude>
    <ClInclude Include="..\..\source\hardware\ra8875\bsp\新建文件夹\bsp_tft_lcd.h">
      <Filter>Header Files</Filter>
    </ClInclude>
    <ClInclude Include="..\..\source\hardware\ra8875\bsp\新建文件夹\bsp_touch.h">
      <Filter>Header Files</Filter>
    </ClInclude>
    <ClInclude Include="..\..\source\hardware\ra8875\bsp\新建文件夹\ra8875_bsp.h">
      <Filter>Header Files</Filter>
    </ClInclude>
    <ClInclude Include="..\..\source\hardware\ra8875\ra8875\bsp_ra8875_port.h">
      <Filter>Header Files</Filter>
    </ClInclude>
    <ClInclude Include="..\..\source\hardware\ra8875\ra8875\LCD_RA8875.h">
      <Filter>Header Files</Filter>
    </ClInclude>
    <ClInclude Include="..\..\source\hardware\ra8875\ra8875\新建文件夹\bsp_ra8875_flash.h">
      <Filter>Header Files</Filter>
    </ClInclude>
    <ClInclude Include="..\..\source\hardware\rtc\rtc_config.h">
      <Filter>Header Files</Filter>
    </ClInclude>
    <ClInclude Include="..\..\source\hardware\sdio\bsp_sdio_sd.h">
      <Filter>Header Files</Filter>
    </ClInclude>
    <ClInclude Include="..\..\source\hardware\spi\spi.h">
      <Filter>Header Files</Filter>
    </ClInclude>
    <ClInclude Include="..\..\source\hardware\spi_flash\spi_flash.h">
      <Filter>Header Files</Filter>
    </ClInclude>
    <ClInclude Include="..\..\source\hardware\sram\sram.h">
      <Filter>Header Files</Filter>
    </ClInclude>
    <ClInclude Include="..\..\source\hardware\timer\timer.h">
      <Filter>Header Files</Filter>
    </ClInclude>
    <ClInclude Include="..\..\source\hardware\touch\ctiic.h">
      <Filter>Header Files</Filter>
    </ClInclude>
    <ClInclude Include="..\..\source\hardware\touch\ft5206.h">
      <Filter>Header Files</Filter>
    </ClInclude>
    <ClInclude Include="..\..\source\hardware\touch\gt9147.h">
      <Filter>Header Files</Filter>
    </ClInclude>
    <ClInclude Include="..\..\source\hardware\touch\ott2001a.h">
      <Filter>Header Files</Filter>
    </ClInclude>
    <ClInclude Include="..\..\source\hardware\touch\touch.h">
      <Filter>Header Files</Filter>
    </ClInclude>
    <ClInclude Include="..\..\source\malloc\malloc.h">
      <Filter>Header Files</Filter>
    </ClInclude>
    <ClInclude Include="..\..\source\system\delay\delay.h">
      <Filter>Header Files</Filter>
    </ClInclude>
    <ClInclude Include="..\..\source\system\sys\sys.h">
      <Filter>Header Files</Filter>
    </ClInclude>
    <ClInclude Include="..\..\source\system\usart\usart.h">
      <Filter>Header Files</Filter>
    </ClInclude>
    <ClInclude Include="..\..\source\text\fontupd.h">
      <Filter>Header Files</Filter>
    </ClInclude>
    <ClInclude Include="..\..\source\text\mytext.h">
      <Filter>Header Files</Filter>
    </ClInclude>
    <ClInclude Include="..\..\source\tools\cs_list.h">
      <Filter>Header Files</Filter>
    </ClInclude>
    <ClInclude Include="..\..\source\ucosiii\uc-cpu\cpu_core.h">
      <Filter>Header Files</Filter>
    </ClInclude>
    <ClInclude Include="..\..\source\ucosiii\uc-cpu\cpu_def.h">
      <Filter>Header Files</Filter>
    </ClInclude>
    <ClInclude Include="..\..\source\ucosiii\uc-cpu\arm-cortex-m4\gnu\cpu.h">
      <Filter>Header Files</Filter>
    </ClInclude>
    <ClInclude Include="..\..\source\ucosiii\uc-cpu\arm-cortex-m4\iar\cpu.h">
      <Filter>Header Files</Filter>
    </ClInclude>
    <ClInclude Include="..\..\source\ucosiii\uc-cpu\arm-cortex-m4\realview\cpu.h">
      <Filter>Header Files</Filter>
    </ClInclude>
    <ClInclude Include="..\..\source\ucosiii\uc-lib\lib_ascii.h">
      <Filter>Header Files</Filter>
    </ClInclude>
    <ClInclude Include="..\..\source\ucosiii\uc-lib\lib_def.h">
      <Filter>Header Files</Filter>
    </ClInclude>
    <ClInclude Include="..\..\source\ucosiii\uc-lib\lib_math.h">
      <Filter>Header Files</Filter>
    </ClInclude>
    <ClInclude Include="..\..\source\ucosiii\uc-lib\lib_mem.h">
      <Filter>Header Files</Filter>
    </ClInclude>
    <ClInclude Include="..\..\source\ucosiii\uc-lib\lib_str.h">
      <Filter>Header Files</Filter>
    </ClInclude>
    <ClInclude Include="..\..\source\ucosiii\ucos-iii\ports\arm-cortex-m4\generic\gnu\os_cpu.h">
      <Filter>Header Files</Filter>
    </ClInclude>
    <ClInclude Include="..\..\source\ucosiii\ucos-iii\ports\arm-cortex-m4\generic\iar\os_cpu.h">
      <Filter>Header Files</Filter>
    </ClInclude>
    <ClInclude Include="..\..\source\ucosiii\ucos-iii\ports\arm-cortex-m4\generic\realview\os_cpu.h">
      <Filter>Header Files</Filter>
    </ClInclude>
    <ClInclude Include="..\..\source\ucosiii\ucos-iii\source\os.h">
      <Filter>Header Files</Filter>
    </ClInclude>
    <ClInclude Include="..\..\source\ucosiii\ucos-iii\source\os_type.h">
      <Filter>Header Files</Filter>
    </ClInclude>
    <ClInclude Include="..\..\source\ucosiii\ucos_bsp\bsp.h">
      <Filter>Header Files</Filter>
    </ClInclude>
    <ClInclude Include="..\..\source\ucosiii\ucos_config\app_cfg.h">
      <Filter>Header Files</Filter>
    </ClInclude>
    <ClInclude Include="..\..\source\ucosiii\ucos_config\cpu_cfg.h">
      <Filter>Header Files</Filter>
    </ClInclude>
    <ClInclude Include="..\..\source\ucosiii\ucos_config\includes.h">
      <Filter>Header Files</Filter>
    </ClInclude>
    <ClInclude Include="..\..\source\ucosiii\ucos_config\lib_cfg.h">
      <Filter>Header Files</Filter>
    </ClInclude>
    <ClInclude Include="..\..\source\ucosiii\ucos_config\os_app_hooks.h">
      <Filter>Header Files</Filter>
    </ClInclude>
    <ClInclude Include="..\..\source\ucosiii\ucos_config\os_cfg.h">
      <Filter>Header Files</Filter>
    </ClInclude>
    <ClInclude Include="..\..\source\ucosiii\ucos_config\os_cfg_app.h">
      <Filter>Header Files</Filter>
    </ClInclude>
    <ClInclude Include="..\..\source\user\stm32f4xx.h">
      <Filter>Header Files</Filter>
    </ClInclude>
    <ClInclude Include="..\..\source\user\stm32f4xx_conf.h">
      <Filter>Header Files</Filter>
    </ClInclude>
    <ClInclude Include="..\..\source\user\stm32f4xx_it.h">
      <Filter>Header Files</Filter>
    </ClInclude>
    <ClInclude Include="..\..\source\user\system_stm32f4xx.h">
      <Filter>Header Files</Filter>
    </ClInclude>
    <ClInclude Include="..\..\source\user_ui\image\logo.h">
      <Filter>Header Files</Filter>
    </ClInclude>
    <ClInclude Include="..\..\source\user_ui\image\user_image.h">
      <Filter>Header Files</Filter>
    </ClInclude>
    <ClInclude Include="..\..\source\user_ui\ui\env_par_win\7_env_par_edit_win.h">
      <Filter>Header Files</Filter>
    </ClInclude>
    <ClInclude Include="..\..\source\user_ui\ui\env_par_win\env_par_edit_win.h">
      <Filter>Header Files</Filter>
    </ClInclude>
    <ClInclude Include="..\..\source\user_ui\ui\file_win\7_file_ui.h">
      <Filter>Header Files</Filter>
    </ClInclude>
    <ClInclude Include="..\..\source\user_ui\ui\file_win\7_file_ui_save.h">
      <Filter>Header Files</Filter>
    </ClInclude>
    <ClInclude Include="..\..\source\user_ui\ui\file_win\file_edit_win.h">
      <Filter>Header Files</Filter>
    </ClInclude>
    <ClInclude Include="..\..\source\user_ui\ui\file_win\file_win.h">
      <Filter>Header Files</Filter>
    </ClInclude>
    <ClInclude Include="..\..\source\user_ui\ui\key_menu_win\7_key_menu_win.h">
      <Filter>Header Files</Filter>
    </ClInclude>
    <ClInclude Include="..\..\source\user_ui\ui\key_menu_win\key_menu_win.h">
      <Filter>Header Files</Filter>
    </ClInclude>
    <ClInclude Include="..\..\source\user_ui\ui\main_win\7_main_win.h">
      <Filter>Header Files</Filter>
    </ClInclude>
    <ClInclude Include="..\..\source\user_ui\ui\main_win\main_win.h">
      <Filter>Header Files</Filter>
    </ClInclude>
    <ClInclude Include="..\..\source\user_ui\ui\sys_time_win\7_sys_time_edit_win.h">
      <Filter>Header Files</Filter>
    </ClInclude>
    <ClInclude Include="..\..\source\user_ui\ui\sys_time_win\sys_time_edit_win.h">
      <Filter>Header Files</Filter>
    </ClInclude>
    <ClInclude Include="..\..\source\user_ui\ui\sys_win\7_sys_manage_win.h">
      <Filter>Header Files</Filter>
    </ClInclude>
    <ClInclude Include="..\..\source\user_ui\ui\sys_win\sys_manage_win.h">
      <Filter>Header Files</Filter>
    </ClInclude>
    <ClInclude Include="..\..\source\user_ui\ui\test_win\test_win.h">
      <Filter>Header Files</Filter>
    </ClInclude>
    <ClInclude Include="..\..\source\user_ui\ui\warning_win\warning_win.h">
      <Filter>Header Files</Filter>
    </ClInclude>
    <ClInclude Include="..\..\source\user_ui\ui_com\com_edit_api.h">
      <Filter>Header Files</Filter>
    </ClInclude>
    <ClInclude Include="..\..\source\user_ui\ui_com\com_ui.h">
      <Filter>Header Files</Filter>
    </ClInclude>
    <ClInclude Include="..\..\source\user_ui\ui_com\com_ui_base.h">
      <Filter>Header Files</Filter>
    </ClInclude>
    <ClInclude Include="..\..\source\user_ui\ui_com\com_ui_info.h">
      <Filter>Header Files</Filter>
    </ClInclude>
    <ClInclude Include="..\..\source\user_ui\ui_com\tools.h">
      <Filter>Header Files</Filter>
    </ClInclude>
    <ClInclude Include="..\..\source\user_ui\新建文件夹\dialog.h">
      <Filter>Header Files</Filter>
    </ClInclude>
    <ClInclude Include="..\..\source\user_ui\新建文件夹\dialog_info.h">
      <Filter>Header Files</Filter>
    </ClInclude>
    <ClInclude Include="..\..\source\user_ui\新建文件夹\ui_com_info.h">
      <Filter>Header Files</Filter>
    </ClInclude>
    <ClInclude Include="..\..\source\usmart\usmart.h">
      <Filter>Header Files</Filter>
    </ClInclude>
    <ClInclude Include="..\..\source\usmart\usmart_str.h">
      <Filter>Header Files</Filter>
    </ClInclude>
  </ItemGroup>
</Project>